// !$*UTF8*$!
{
	archiveVersion = 1;
	classes = {
	};
	objectVersion = 45;
	objects = {

/* Begin PBXBuildFile section */
		1D60589B0D05DD56006BFB54 /* main.m in Sources */ = {isa = PBXBuildFile; fileRef = 29B97316FDCFA39411CA2CEA /* main.m */; };
		1D60589F0D05DD5A006BFB54 /* Foundation.framework in Frameworks */ = {isa = PBXBuildFile; fileRef = 1D30AB110D05D00D00671497 /* Foundation.framework */; };
		1DF5F4E00D08C38300B7A737 /* UIKit.framework in Frameworks */ = {isa = PBXBuildFile; fileRef = 1DF5F4DF0D08C38300B7A737 /* UIKit.framework */; };
		28FD15080DC6FC5B0079059D /* QuartzCore.framework in Frameworks */ = {isa = PBXBuildFile; fileRef = 28FD15070DC6FC5B0079059D /* QuartzCore.framework */; };
		49191F4D1287CF8E008F6C88 /* WMDebugChannel.mm in Sources */ = {isa = PBXBuildFile; fileRef = 49191F4A1287CF8E008F6C88 /* WMDebugChannel.mm */; };
		49191F4E1287CF8E008F6C88 /* WMScriptingContext.mm in Sources */ = {isa = PBXBuildFile; fileRef = 49191F4C1287CF8E008F6C88 /* WMScriptingContext.mm */; };
		49191F521287D202008F6C88 /* WMScriptInstance.m in Sources */ = {isa = PBXBuildFile; fileRef = 49191F511287D202008F6C88 /* WMScriptInstance.m */; };
		492483AF1270D4BD00B59759 /* OpenGLES.framework in Frameworks */ = {isa = PBXBuildFile; fileRef = 492483AE1270D4BD00B59759 /* OpenGLES.framework */; };
		4933187F129C8C1A0051088C /* WMAssetManifest.m in Sources */ = {isa = PBXBuildFile; fileRef = 4933187E129C8C1A0051088C /* WMAssetManifest.m */; };
		4933188C129C8E810051088C /* BrowserViewController.m in Sources */ = {isa = PBXBuildFile; fileRef = 4933188B129C8E810051088C /* BrowserViewController.m */; };
		4940D0641264F5F7007FA76C /* WMGameObject.mm in Sources */ = {isa = PBXBuildFile; fileRef = 4940D0631264F5F7007FA76C /* WMGameObject.mm */; };
		4940D0671264F608007FA76C /* WMEngine.mm in Sources */ = {isa = PBXBuildFile; fileRef = 4940D0661264F608007FA76C /* WMEngine.mm */; };
		4940D0911264F641007FA76C /* AsyncSocket.m in Sources */ = {isa = PBXBuildFile; fileRef = 4940D06F1264F641007FA76C /* AsyncSocket.m */; };
		4940D0921264F641007FA76C /* AsyncUdpSocket.m in Sources */ = {isa = PBXBuildFile; fileRef = 4940D0711264F641007FA76C /* AsyncUdpSocket.m */; };
		4940D0D01264F8DF007FA76C /* CoreFoundation.framework in Frameworks */ = {isa = PBXBuildFile; fileRef = 4940D0CF1264F8DF007FA76C /* CoreFoundation.framework */; };
		4940D0E51264F943007FA76C /* CFNetwork.framework in Frameworks */ = {isa = PBXBuildFile; fileRef = 4940D0E41264F943007FA76C /* CFNetwork.framework */; };
		4940D40D12651BE9007FA76C /* lapi.c in Sources */ = {isa = PBXBuildFile; fileRef = 4940D3D512651BE9007FA76C /* lapi.c */; };
		4940D40E12651BE9007FA76C /* lauxlib.c in Sources */ = {isa = PBXBuildFile; fileRef = 4940D3D712651BE9007FA76C /* lauxlib.c */; };
		4940D40F12651BE9007FA76C /* lbaselib.c in Sources */ = {isa = PBXBuildFile; fileRef = 4940D3D912651BE9007FA76C /* lbaselib.c */; };
		4940D41012651BE9007FA76C /* lcode.c in Sources */ = {isa = PBXBuildFile; fileRef = 4940D3DA12651BE9007FA76C /* lcode.c */; };
		4940D41112651BE9007FA76C /* ldblib.c in Sources */ = {isa = PBXBuildFile; fileRef = 4940D3DC12651BE9007FA76C /* ldblib.c */; };
		4940D41212651BE9007FA76C /* ldebug.c in Sources */ = {isa = PBXBuildFile; fileRef = 4940D3DD12651BE9007FA76C /* ldebug.c */; };
		4940D41312651BE9007FA76C /* ldo.c in Sources */ = {isa = PBXBuildFile; fileRef = 4940D3DF12651BE9007FA76C /* ldo.c */; };
		4940D41412651BE9007FA76C /* ldump.c in Sources */ = {isa = PBXBuildFile; fileRef = 4940D3E112651BE9007FA76C /* ldump.c */; };
		4940D41512651BE9007FA76C /* lfunc.c in Sources */ = {isa = PBXBuildFile; fileRef = 4940D3E212651BE9007FA76C /* lfunc.c */; };
		4940D41612651BE9007FA76C /* lgc.c in Sources */ = {isa = PBXBuildFile; fileRef = 4940D3E412651BE9007FA76C /* lgc.c */; };
		4940D41712651BE9007FA76C /* linit.c in Sources */ = {isa = PBXBuildFile; fileRef = 4940D3E612651BE9007FA76C /* linit.c */; };
		4940D41812651BE9007FA76C /* liolib.c in Sources */ = {isa = PBXBuildFile; fileRef = 4940D3E712651BE9007FA76C /* liolib.c */; };
		4940D41912651BE9007FA76C /* llex.c in Sources */ = {isa = PBXBuildFile; fileRef = 4940D3E812651BE9007FA76C /* llex.c */; };
		4940D41A12651BE9007FA76C /* lmathlib.c in Sources */ = {isa = PBXBuildFile; fileRef = 4940D3EB12651BE9007FA76C /* lmathlib.c */; };
		4940D41B12651BE9007FA76C /* lmem.c in Sources */ = {isa = PBXBuildFile; fileRef = 4940D3EC12651BE9007FA76C /* lmem.c */; };
		4940D41C12651BE9007FA76C /* loadlib.c in Sources */ = {isa = PBXBuildFile; fileRef = 4940D3EE12651BE9007FA76C /* loadlib.c */; };
		4940D41D12651BE9007FA76C /* lobject.c in Sources */ = {isa = PBXBuildFile; fileRef = 4940D3EF12651BE9007FA76C /* lobject.c */; };
		4940D41E12651BE9007FA76C /* lopcodes.c in Sources */ = {isa = PBXBuildFile; fileRef = 4940D3F112651BE9007FA76C /* lopcodes.c */; };
		4940D41F12651BE9007FA76C /* loslib.c in Sources */ = {isa = PBXBuildFile; fileRef = 4940D3F312651BE9007FA76C /* loslib.c */; };
		4940D42012651BE9007FA76C /* lparser.c in Sources */ = {isa = PBXBuildFile; fileRef = 4940D3F412651BE9007FA76C /* lparser.c */; };
		4940D42112651BE9007FA76C /* lstate.c in Sources */ = {isa = PBXBuildFile; fileRef = 4940D3F612651BE9007FA76C /* lstate.c */; };
		4940D42212651BE9007FA76C /* lstring.c in Sources */ = {isa = PBXBuildFile; fileRef = 4940D3F812651BE9007FA76C /* lstring.c */; };
		4940D42312651BE9007FA76C /* lstrlib.c in Sources */ = {isa = PBXBuildFile; fileRef = 4940D3FA12651BE9007FA76C /* lstrlib.c */; };
		4940D42412651BE9007FA76C /* ltable.c in Sources */ = {isa = PBXBuildFile; fileRef = 4940D3FB12651BE9007FA76C /* ltable.c */; };
		4940D42512651BE9007FA76C /* ltablib.c in Sources */ = {isa = PBXBuildFile; fileRef = 4940D3FD12651BE9007FA76C /* ltablib.c */; };
		4940D42612651BE9007FA76C /* ltm.c in Sources */ = {isa = PBXBuildFile; fileRef = 4940D3FE12651BE9007FA76C /* ltm.c */; };
		4940D42912651BE9007FA76C /* lundump.c in Sources */ = {isa = PBXBuildFile; fileRef = 4940D40512651BE9007FA76C /* lundump.c */; };
		4940D42A12651BE9007FA76C /* lvm.c in Sources */ = {isa = PBXBuildFile; fileRef = 4940D40712651BE9007FA76C /* lvm.c */; };
		4940D42B12651BE9007FA76C /* lzio.c in Sources */ = {isa = PBXBuildFile; fileRef = 4940D40912651BE9007FA76C /* lzio.c */; };
		4940D8E112658992007FA76C /* EAGLView.m in Sources */ = {isa = PBXBuildFile; fileRef = 4940D8D912658992007FA76C /* EAGLView.m */; };
		4940D8E412658992007FA76C /* WoollyMammothAppDelegate.m in Sources */ = {isa = PBXBuildFile; fileRef = 4940D8E012658992007FA76C /* WoollyMammothAppDelegate.m */; };
		4940D90B12658A46007FA76C /* WMViewController.mm in Sources */ = {isa = PBXBuildFile; fileRef = 4940D90A12658A46007FA76C /* WMViewController.mm */; };
		4940D92012658B37007FA76C /* WMViewController.xib in Resources */ = {isa = PBXBuildFile; fileRef = 4940D91F12658B37007FA76C /* WMViewController.xib */; };
		4940D97612658E4B007FA76C /* WMRenderEngine.mm in Sources */ = {isa = PBXBuildFile; fileRef = 4940D97512658E4B007FA76C /* WMRenderEngine.mm */; };
		4940DCEB12669B1A007FA76C /* WMRenderable.mm in Sources */ = {isa = PBXBuildFile; fileRef = 4940DCEA12669B1A007FA76C /* WMRenderable.mm */; };
		49570A16127A52250007280E /* WMSceneDescription.mm in Sources */ = {isa = PBXBuildFile; fileRef = 49570A15127A52250007280E /* WMSceneDescription.mm */; };
		498FCD4E12AB18F900CF48A3 /* WMAccelerometer.mm in Sources */ = {isa = PBXBuildFile; fileRef = 498FCD4D12AB18F900CF48A3 /* WMAccelerometer.mm */; };
		498FCDFA12AB234C00CF48A3 /* CoreMotion.framework in Frameworks */ = {isa = PBXBuildFile; fileRef = 498FCDF912AB234C00CF48A3 /* CoreMotion.framework */; };
		49C54F2A126962A50093FAFD /* JGResource.m in Sources */ = {isa = PBXBuildFile; fileRef = 49C54F29126962A50093FAFD /* JGResource.m */; };
		49C54F35126962EA0093FAFD /* JGModel.m in Sources */ = {isa = PBXBuildFile; fileRef = 49C54F34126962EA0093FAFD /* JGModel.m */; };
		49C54F3A126963080093FAFD /* JGModelParent.m in Sources */ = {isa = PBXBuildFile; fileRef = 49C54F39126963080093FAFD /* JGModelParent.m */; };
		49C5521512697CE60093FAFD /* Matrix.cpp in Sources */ = {isa = PBXBuildFile; fileRef = 49C551C712697CE60093FAFD /* Matrix.cpp */; };
		49C5521612697CE60093FAFD /* neon_matrix_impl.cpp in Sources */ = {isa = PBXBuildFile; fileRef = 49C551CA12697CE60093FAFD /* neon_matrix_impl.cpp */; };
		49C5521712697CE60093FAFD /* Random.cpp in Sources */ = {isa = PBXBuildFile; fileRef = 49C551CD12697CE60093FAFD /* Random.cpp */; };
		49C5521812697CE60093FAFD /* Transform.cpp in Sources */ = {isa = PBXBuildFile; fileRef = 49C551CF12697CE60093FAFD /* Transform.cpp */; };
		49C5521912697CE60093FAFD /* matrix_impl.cpp in Sources */ = {isa = PBXBuildFile; fileRef = 49C551D412697CE60093FAFD /* matrix_impl.cpp */; };
		49C5521A12697CE60093FAFD /* utility_impl.cpp in Sources */ = {isa = PBXBuildFile; fileRef = 49C551D612697CE60093FAFD /* utility_impl.cpp */; };
		49C5522312697CE60093FAFD /* BoneBatch.cpp in Sources */ = {isa = PBXBuildFile; fileRef = 49C551FD12697CE60093FAFD /* BoneBatch.cpp */; };
		49C5522412697CE60093FAFD /* Model3DS.cpp in Sources */ = {isa = PBXBuildFile; fileRef = 49C551FF12697CE60093FAFD /* Model3DS.cpp */; };
		49C5522512697CE60093FAFD /* ModelPOD.cpp in Sources */ = {isa = PBXBuildFile; fileRef = 49C5520112697CE60093FAFD /* ModelPOD.cpp */; };
		49C5522612697CE60093FAFD /* ModelPODWriteH.cpp in Sources */ = {isa = PBXBuildFile; fileRef = 49C5520312697CE60093FAFD /* ModelPODWriteH.cpp */; };
		49C5522712697CE60093FAFD /* TriStrip.cpp in Sources */ = {isa = PBXBuildFile; fileRef = 49C5520412697CE60093FAFD /* TriStrip.cpp */; };
		49C5522812697CE60093FAFD /* Vertex.cpp in Sources */ = {isa = PBXBuildFile; fileRef = 49C5520612697CE60093FAFD /* Vertex.cpp */; };
		49C5522912697CE60093FAFD /* VertexLookup.cpp in Sources */ = {isa = PBXBuildFile; fileRef = 49C5520812697CE60093FAFD /* VertexLookup.cpp */; };
		49C5522A12697CE60093FAFD /* ResourceFile.cpp in Sources */ = {isa = PBXBuildFile; fileRef = 49C5520C12697CE60093FAFD /* ResourceFile.cpp */; };
		49C5522B12697CE60093FAFD /* Streaming.cpp in Sources */ = {isa = PBXBuildFile; fileRef = 49C5520E12697CE60093FAFD /* Streaming.cpp */; };
		49C5524D12697D250093FAFD /* DeviceType.mm in Sources */ = {isa = PBXBuildFile; fileRef = 49C5523212697D250093FAFD /* DeviceType.mm */; };
		49C5524E12697D250093FAFD /* mmgr.cpp in Sources */ = {isa = PBXBuildFile; fileRef = 49C5523612697D250093FAFD /* mmgr.cpp */; };
		49C5525012697D250093FAFD /* ResourcePath.mm in Sources */ = {isa = PBXBuildFile; fileRef = 49C5523C12697D250093FAFD /* ResourcePath.mm */; };
		49C5525712697D250093FAFD /* Timer.mm in Sources */ = {isa = PBXBuildFile; fileRef = 49C5524B12697D250093FAFD /* Timer.mm */; };
		49C55283126980610093FAFD /* CoreGraphics.framework in Frameworks */ = {isa = PBXBuildFile; fileRef = 49C55282126980610093FAFD /* CoreGraphics.framework */; };
		49C978A912A234A2004258E4 /* WMParticleSystem.mm in Sources */ = {isa = PBXBuildFile; fileRef = 49C978A812A234A2004258E4 /* WMParticleSystem.mm */; };
		49C97A6B12A33FEC004258E4 /* SimplexNoise.c in Sources */ = {isa = PBXBuildFile; fileRef = 49C97A6912A33FEC004258E4 /* SimplexNoise.c */; };
		49D101FA1270BB85007E143E /* Texture2D.m in Sources */ = {isa = PBXBuildFile; fileRef = 49D101EF1270BB85007E143E /* Texture2D.m */; };
		49D101FB1270BB85007E143E /* WMAsset.mm in Sources */ = {isa = PBXBuildFile; fileRef = 49D101F11270BB85007E143E /* WMAsset.mm */; };
		49D101FC1270BB85007E143E /* WMAssetManager.mm in Sources */ = {isa = PBXBuildFile; fileRef = 49D101F31270BB85007E143E /* WMAssetManager.mm */; };
		49D101FD1270BB85007E143E /* WMModelPOD.mm in Sources */ = {isa = PBXBuildFile; fileRef = 49D101F51270BB85007E143E /* WMModelPOD.mm */; };
		49D101FE1270BB85007E143E /* WMShader.m in Sources */ = {isa = PBXBuildFile; fileRef = 49D101F71270BB85007E143E /* WMShader.m */; };
		49D101FF1270BB85007E143E /* WMTextureAsset.m in Sources */ = {isa = PBXBuildFile; fileRef = 49D101F91270BB85007E143E /* WMTextureAsset.m */; };
		49D102171270BCC8007E143E /* Test.wm in Resources */ = {isa = PBXBuildFile; fileRef = 49D102141270BCC8007E143E /* Test.wm */; };
		49D102C61270C55E007E143E /* WMDebugViewController.m in Sources */ = {isa = PBXBuildFile; fileRef = 49D102C41270C55E007E143E /* WMDebugViewController.m */; };
		49D102C71270C55E007E143E /* WMDebugViewController.xib in Resources */ = {isa = PBXBuildFile; fileRef = 49D102C51270C55E007E143E /* WMDebugViewController.xib */; };
		49E81DDB12712FE400127D48 /* MainWindow.xib in Resources */ = {isa = PBXBuildFile; fileRef = 49E81DDA12712FE400127D48 /* MainWindow.xib */; };
		49E81DFD127130FD00127D48 /* xButton.png in Resources */ = {isa = PBXBuildFile; fileRef = 49E81DFB127130FD00127D48 /* xButton.png */; };
		49E81DFE127130FD00127D48 /* xButtonPressed.png in Resources */ = {isa = PBXBuildFile; fileRef = 49E81DFC127130FD00127D48 /* xButtonPressed.png */; };
		49E81F1E12714CB900127D48 /* WMQuad.mm in Sources */ = {isa = PBXBuildFile; fileRef = 49E81F1D12714CB900127D48 /* WMQuad.mm */; };
		49E9D192127CB95600010020 /* WMLuaScript.mm in Sources */ = {isa = PBXBuildFile; fileRef = 49E9D191127CB95600010020 /* WMLuaScript.mm */; };
		49E9D2B6127CDF7100010020 /* WMGameObject.lua in Resources */ = {isa = PBXBuildFile; fileRef = 49E9D2B5127CDF7100010020 /* WMGameObject.lua */; };
		49E9D2BB127D04EB00010020 /* complex.lua in Resources */ = {isa = PBXBuildFile; fileRef = 49E9D2B9127D04EB00010020 /* complex.lua */; };
		49E9D2BC127D04EB00010020 /* matrix.lua in Resources */ = {isa = PBXBuildFile; fileRef = 49E9D2BA127D04EB00010020 /* matrix.lua */; };
		49FD9C571299FCC30028524C /* VideoCapture.m in Sources */ = {isa = PBXBuildFile; fileRef = 49FD9C561299FCC30028524C /* VideoCapture.m */; };
		49FD9C621299FF1D0028524C /* WeatherGlobe.wm in Resources */ = {isa = PBXBuildFile; fileRef = 49FD9C5E1299FF1D0028524C /* WeatherGlobe.wm */; };
		49FD9C9F1299FFA60028524C /* WMCameraInputTexture.m in Sources */ = {isa = PBXBuildFile; fileRef = 49FD9C9E1299FFA60028524C /* WMCameraInputTexture.m */; };
		49FD9D5C129A088D0028524C /* CoreVideo.framework in Frameworks */ = {isa = PBXBuildFile; fileRef = 49FD9D5B129A088D0028524C /* CoreVideo.framework */; };
		49FD9D62129A08970028524C /* AVFoundation.framework in Frameworks */ = {isa = PBXBuildFile; fileRef = 49FD9D61129A08970028524C /* AVFoundation.framework */; };
		49FD9D68129A08A20028524C /* CoreMedia.framework in Frameworks */ = {isa = PBXBuildFile; fileRef = 49FD9D67129A08A20028524C /* CoreMedia.framework */; };
/* End PBXBuildFile section */

/* Begin PBXFileReference section */
		1D30AB110D05D00D00671497 /* Foundation.framework */ = {isa = PBXFileReference; lastKnownFileType = wrapper.framework; name = Foundation.framework; path = System/Library/Frameworks/Foundation.framework; sourceTree = SDKROOT; };
		1D6058910D05DD3D006BFB54 /* WoollyMammoth.app */ = {isa = PBXFileReference; explicitFileType = wrapper.application; includeInIndex = 0; path = WoollyMammoth.app; sourceTree = BUILT_PRODUCTS_DIR; };
		1DF5F4DF0D08C38300B7A737 /* UIKit.framework */ = {isa = PBXFileReference; lastKnownFileType = wrapper.framework; name = UIKit.framework; path = System/Library/Frameworks/UIKit.framework; sourceTree = SDKROOT; };
		28FD15070DC6FC5B0079059D /* QuartzCore.framework */ = {isa = PBXFileReference; lastKnownFileType = wrapper.framework; name = QuartzCore.framework; path = System/Library/Frameworks/QuartzCore.framework; sourceTree = SDKROOT; };
		29B97316FDCFA39411CA2CEA /* main.m */ = {isa = PBXFileReference; fileEncoding = 4; lastKnownFileType = sourcecode.c.objc; path = main.m; sourceTree = "<group>"; };
		32CA4F630368D1EE00C91783 /* WoollyMammoth_Prefix.pch */ = {isa = PBXFileReference; fileEncoding = 4; lastKnownFileType = sourcecode.c.h; path = WoollyMammoth_Prefix.pch; sourceTree = "<group>"; };
		49191F491287CF8E008F6C88 /* WMDebugChannel.h */ = {isa = PBXFileReference; fileEncoding = 4; lastKnownFileType = sourcecode.c.h; path = WMDebugChannel.h; sourceTree = "<group>"; };
		49191F4A1287CF8E008F6C88 /* WMDebugChannel.mm */ = {isa = PBXFileReference; fileEncoding = 4; lastKnownFileType = sourcecode.cpp.objcpp; path = WMDebugChannel.mm; sourceTree = "<group>"; };
		49191F4B1287CF8E008F6C88 /* WMScriptingContext.h */ = {isa = PBXFileReference; fileEncoding = 4; lastKnownFileType = sourcecode.c.h; path = WMScriptingContext.h; sourceTree = "<group>"; };
		49191F4C1287CF8E008F6C88 /* WMScriptingContext.mm */ = {isa = PBXFileReference; fileEncoding = 4; lastKnownFileType = sourcecode.cpp.objcpp; path = WMScriptingContext.mm; sourceTree = "<group>"; };
		49191F501287D202008F6C88 /* WMScriptInstance.h */ = {isa = PBXFileReference; fileEncoding = 4; lastKnownFileType = sourcecode.c.h; path = WMScriptInstance.h; sourceTree = "<group>"; };
		49191F511287D202008F6C88 /* WMScriptInstance.m */ = {isa = PBXFileReference; fileEncoding = 4; lastKnownFileType = sourcecode.c.objc; path = WMScriptInstance.m; sourceTree = "<group>"; };
		492483AE1270D4BD00B59759 /* OpenGLES.framework */ = {isa = PBXFileReference; lastKnownFileType = wrapper.framework; name = OpenGLES.framework; path = System/Library/Frameworks/OpenGLES.framework; sourceTree = SDKROOT; };
		4933187D129C8C1A0051088C /* WMAssetManifest.h */ = {isa = PBXFileReference; fileEncoding = 4; lastKnownFileType = sourcecode.c.h; path = WMAssetManifest.h; sourceTree = "<group>"; };
		4933187E129C8C1A0051088C /* WMAssetManifest.m */ = {isa = PBXFileReference; fileEncoding = 4; lastKnownFileType = sourcecode.c.objc; path = WMAssetManifest.m; sourceTree = "<group>"; };
		4933188A129C8E810051088C /* BrowserViewController.h */ = {isa = PBXFileReference; fileEncoding = 4; lastKnownFileType = sourcecode.c.h; path = BrowserViewController.h; sourceTree = "<group>"; };
		4933188B129C8E810051088C /* BrowserViewController.m */ = {isa = PBXFileReference; fileEncoding = 4; lastKnownFileType = sourcecode.c.objc; path = BrowserViewController.m; sourceTree = "<group>"; };
		4940D0621264F5F7007FA76C /* WMGameObject.h */ = {isa = PBXFileReference; fileEncoding = 4; lastKnownFileType = sourcecode.c.h; path = WMGameObject.h; sourceTree = "<group>"; };
		4940D0631264F5F7007FA76C /* WMGameObject.mm */ = {isa = PBXFileReference; fileEncoding = 4; lastKnownFileType = sourcecode.cpp.objcpp; path = WMGameObject.mm; sourceTree = "<group>"; };
		4940D0651264F608007FA76C /* WMEngine.h */ = {isa = PBXFileReference; fileEncoding = 4; lastKnownFileType = sourcecode.c.h; path = WMEngine.h; sourceTree = "<group>"; };
		4940D0661264F608007FA76C /* WMEngine.mm */ = {isa = PBXFileReference; fileEncoding = 4; lastKnownFileType = sourcecode.cpp.objcpp; path = WMEngine.mm; sourceTree = "<group>"; };
		4940D06E1264F641007FA76C /* AsyncSocket.h */ = {isa = PBXFileReference; fileEncoding = 4; lastKnownFileType = sourcecode.c.h; path = AsyncSocket.h; sourceTree = "<group>"; };
		4940D06F1264F641007FA76C /* AsyncSocket.m */ = {isa = PBXFileReference; fileEncoding = 4; lastKnownFileType = sourcecode.c.objc; path = AsyncSocket.m; sourceTree = "<group>"; };
		4940D0701264F641007FA76C /* AsyncUdpSocket.h */ = {isa = PBXFileReference; fileEncoding = 4; lastKnownFileType = sourcecode.c.h; path = AsyncUdpSocket.h; sourceTree = "<group>"; };
		4940D0711264F641007FA76C /* AsyncUdpSocket.m */ = {isa = PBXFileReference; fileEncoding = 4; lastKnownFileType = sourcecode.c.objc; path = AsyncUdpSocket.m; sourceTree = "<group>"; };
		4940D0CF1264F8DF007FA76C /* CoreFoundation.framework */ = {isa = PBXFileReference; lastKnownFileType = wrapper.framework; name = CoreFoundation.framework; path = System/Library/Frameworks/CoreFoundation.framework; sourceTree = SDKROOT; };
		4940D0E41264F943007FA76C /* CFNetwork.framework */ = {isa = PBXFileReference; lastKnownFileType = wrapper.framework; name = CFNetwork.framework; path = System/Library/Frameworks/CFNetwork.framework; sourceTree = SDKROOT; };
		4940D3D512651BE9007FA76C /* lapi.c */ = {isa = PBXFileReference; fileEncoding = 4; lastKnownFileType = sourcecode.c.c; path = lapi.c; sourceTree = "<group>"; };
		4940D3D612651BE9007FA76C /* lapi.h */ = {isa = PBXFileReference; fileEncoding = 4; lastKnownFileType = sourcecode.c.h; path = lapi.h; sourceTree = "<group>"; };
		4940D3D712651BE9007FA76C /* lauxlib.c */ = {isa = PBXFileReference; fileEncoding = 4; lastKnownFileType = sourcecode.c.c; path = lauxlib.c; sourceTree = "<group>"; };
		4940D3D812651BE9007FA76C /* lauxlib.h */ = {isa = PBXFileReference; fileEncoding = 4; lastKnownFileType = sourcecode.c.h; path = lauxlib.h; sourceTree = "<group>"; };
		4940D3D912651BE9007FA76C /* lbaselib.c */ = {isa = PBXFileReference; fileEncoding = 4; lastKnownFileType = sourcecode.c.c; path = lbaselib.c; sourceTree = "<group>"; };
		4940D3DA12651BE9007FA76C /* lcode.c */ = {isa = PBXFileReference; fileEncoding = 4; lastKnownFileType = sourcecode.c.c; path = lcode.c; sourceTree = "<group>"; };
		4940D3DB12651BE9007FA76C /* lcode.h */ = {isa = PBXFileReference; fileEncoding = 4; lastKnownFileType = sourcecode.c.h; path = lcode.h; sourceTree = "<group>"; };
		4940D3DC12651BE9007FA76C /* ldblib.c */ = {isa = PBXFileReference; fileEncoding = 4; lastKnownFileType = sourcecode.c.c; path = ldblib.c; sourceTree = "<group>"; };
		4940D3DD12651BE9007FA76C /* ldebug.c */ = {isa = PBXFileReference; fileEncoding = 4; lastKnownFileType = sourcecode.c.c; path = ldebug.c; sourceTree = "<group>"; };
		4940D3DE12651BE9007FA76C /* ldebug.h */ = {isa = PBXFileReference; fileEncoding = 4; lastKnownFileType = sourcecode.c.h; path = ldebug.h; sourceTree = "<group>"; };
		4940D3DF12651BE9007FA76C /* ldo.c */ = {isa = PBXFileReference; fileEncoding = 4; lastKnownFileType = sourcecode.c.c; path = ldo.c; sourceTree = "<group>"; };
		4940D3E012651BE9007FA76C /* ldo.h */ = {isa = PBXFileReference; fileEncoding = 4; lastKnownFileType = sourcecode.c.h; path = ldo.h; sourceTree = "<group>"; };
		4940D3E112651BE9007FA76C /* ldump.c */ = {isa = PBXFileReference; fileEncoding = 4; lastKnownFileType = sourcecode.c.c; path = ldump.c; sourceTree = "<group>"; };
		4940D3E212651BE9007FA76C /* lfunc.c */ = {isa = PBXFileReference; fileEncoding = 4; lastKnownFileType = sourcecode.c.c; path = lfunc.c; sourceTree = "<group>"; };
		4940D3E312651BE9007FA76C /* lfunc.h */ = {isa = PBXFileReference; fileEncoding = 4; lastKnownFileType = sourcecode.c.h; path = lfunc.h; sourceTree = "<group>"; };
		4940D3E412651BE9007FA76C /* lgc.c */ = {isa = PBXFileReference; fileEncoding = 4; lastKnownFileType = sourcecode.c.c; path = lgc.c; sourceTree = "<group>"; };
		4940D3E512651BE9007FA76C /* lgc.h */ = {isa = PBXFileReference; fileEncoding = 4; lastKnownFileType = sourcecode.c.h; path = lgc.h; sourceTree = "<group>"; };
		4940D3E612651BE9007FA76C /* linit.c */ = {isa = PBXFileReference; fileEncoding = 4; lastKnownFileType = sourcecode.c.c; path = linit.c; sourceTree = "<group>"; };
		4940D3E712651BE9007FA76C /* liolib.c */ = {isa = PBXFileReference; fileEncoding = 4; lastKnownFileType = sourcecode.c.c; path = liolib.c; sourceTree = "<group>"; };
		4940D3E812651BE9007FA76C /* llex.c */ = {isa = PBXFileReference; fileEncoding = 4; lastKnownFileType = sourcecode.c.c; path = llex.c; sourceTree = "<group>"; };
		4940D3E912651BE9007FA76C /* llex.h */ = {isa = PBXFileReference; fileEncoding = 4; lastKnownFileType = sourcecode.c.h; path = llex.h; sourceTree = "<group>"; };
		4940D3EA12651BE9007FA76C /* llimits.h */ = {isa = PBXFileReference; fileEncoding = 4; lastKnownFileType = sourcecode.c.h; path = llimits.h; sourceTree = "<group>"; };
		4940D3EB12651BE9007FA76C /* lmathlib.c */ = {isa = PBXFileReference; fileEncoding = 4; lastKnownFileType = sourcecode.c.c; path = lmathlib.c; sourceTree = "<group>"; };
		4940D3EC12651BE9007FA76C /* lmem.c */ = {isa = PBXFileReference; fileEncoding = 4; lastKnownFileType = sourcecode.c.c; path = lmem.c; sourceTree = "<group>"; };
		4940D3ED12651BE9007FA76C /* lmem.h */ = {isa = PBXFileReference; fileEncoding = 4; lastKnownFileType = sourcecode.c.h; path = lmem.h; sourceTree = "<group>"; };
		4940D3EE12651BE9007FA76C /* loadlib.c */ = {isa = PBXFileReference; fileEncoding = 4; lastKnownFileType = sourcecode.c.c; path = loadlib.c; sourceTree = "<group>"; };
		4940D3EF12651BE9007FA76C /* lobject.c */ = {isa = PBXFileReference; fileEncoding = 4; lastKnownFileType = sourcecode.c.c; path = lobject.c; sourceTree = "<group>"; };
		4940D3F012651BE9007FA76C /* lobject.h */ = {isa = PBXFileReference; fileEncoding = 4; lastKnownFileType = sourcecode.c.h; path = lobject.h; sourceTree = "<group>"; };
		4940D3F112651BE9007FA76C /* lopcodes.c */ = {isa = PBXFileReference; fileEncoding = 4; lastKnownFileType = sourcecode.c.c; path = lopcodes.c; sourceTree = "<group>"; };
		4940D3F212651BE9007FA76C /* lopcodes.h */ = {isa = PBXFileReference; fileEncoding = 4; lastKnownFileType = sourcecode.c.h; path = lopcodes.h; sourceTree = "<group>"; };
		4940D3F312651BE9007FA76C /* loslib.c */ = {isa = PBXFileReference; fileEncoding = 4; lastKnownFileType = sourcecode.c.c; path = loslib.c; sourceTree = "<group>"; };
		4940D3F412651BE9007FA76C /* lparser.c */ = {isa = PBXFileReference; fileEncoding = 4; lastKnownFileType = sourcecode.c.c; path = lparser.c; sourceTree = "<group>"; };
		4940D3F512651BE9007FA76C /* lparser.h */ = {isa = PBXFileReference; fileEncoding = 4; lastKnownFileType = sourcecode.c.h; path = lparser.h; sourceTree = "<group>"; };
		4940D3F612651BE9007FA76C /* lstate.c */ = {isa = PBXFileReference; fileEncoding = 4; lastKnownFileType = sourcecode.c.c; path = lstate.c; sourceTree = "<group>"; };
		4940D3F712651BE9007FA76C /* lstate.h */ = {isa = PBXFileReference; fileEncoding = 4; lastKnownFileType = sourcecode.c.h; path = lstate.h; sourceTree = "<group>"; };
		4940D3F812651BE9007FA76C /* lstring.c */ = {isa = PBXFileReference; fileEncoding = 4; lastKnownFileType = sourcecode.c.c; path = lstring.c; sourceTree = "<group>"; };
		4940D3F912651BE9007FA76C /* lstring.h */ = {isa = PBXFileReference; fileEncoding = 4; lastKnownFileType = sourcecode.c.h; path = lstring.h; sourceTree = "<group>"; };
		4940D3FA12651BE9007FA76C /* lstrlib.c */ = {isa = PBXFileReference; fileEncoding = 4; lastKnownFileType = sourcecode.c.c; path = lstrlib.c; sourceTree = "<group>"; };
		4940D3FB12651BE9007FA76C /* ltable.c */ = {isa = PBXFileReference; fileEncoding = 4; lastKnownFileType = sourcecode.c.c; path = ltable.c; sourceTree = "<group>"; };
		4940D3FC12651BE9007FA76C /* ltable.h */ = {isa = PBXFileReference; fileEncoding = 4; lastKnownFileType = sourcecode.c.h; path = ltable.h; sourceTree = "<group>"; };
		4940D3FD12651BE9007FA76C /* ltablib.c */ = {isa = PBXFileReference; fileEncoding = 4; lastKnownFileType = sourcecode.c.c; path = ltablib.c; sourceTree = "<group>"; };
		4940D3FE12651BE9007FA76C /* ltm.c */ = {isa = PBXFileReference; fileEncoding = 4; lastKnownFileType = sourcecode.c.c; path = ltm.c; sourceTree = "<group>"; };
		4940D3FF12651BE9007FA76C /* ltm.h */ = {isa = PBXFileReference; fileEncoding = 4; lastKnownFileType = sourcecode.c.h; path = ltm.h; sourceTree = "<group>"; };
		4940D40112651BE9007FA76C /* lua.h */ = {isa = PBXFileReference; fileEncoding = 4; lastKnownFileType = sourcecode.c.h; path = lua.h; sourceTree = "<group>"; };
		4940D40312651BE9007FA76C /* luaconf.h */ = {isa = PBXFileReference; fileEncoding = 4; lastKnownFileType = sourcecode.c.h; path = luaconf.h; sourceTree = "<group>"; };
		4940D40412651BE9007FA76C /* lualib.h */ = {isa = PBXFileReference; fileEncoding = 4; lastKnownFileType = sourcecode.c.h; path = lualib.h; sourceTree = "<group>"; };
		4940D40512651BE9007FA76C /* lundump.c */ = {isa = PBXFileReference; fileEncoding = 4; lastKnownFileType = sourcecode.c.c; path = lundump.c; sourceTree = "<group>"; };
		4940D40612651BE9007FA76C /* lundump.h */ = {isa = PBXFileReference; fileEncoding = 4; lastKnownFileType = sourcecode.c.h; path = lundump.h; sourceTree = "<group>"; };
		4940D40712651BE9007FA76C /* lvm.c */ = {isa = PBXFileReference; fileEncoding = 4; lastKnownFileType = sourcecode.c.c; path = lvm.c; sourceTree = "<group>"; };
		4940D40812651BE9007FA76C /* lvm.h */ = {isa = PBXFileReference; fileEncoding = 4; lastKnownFileType = sourcecode.c.h; path = lvm.h; sourceTree = "<group>"; };
		4940D40912651BE9007FA76C /* lzio.c */ = {isa = PBXFileReference; fileEncoding = 4; lastKnownFileType = sourcecode.c.c; path = lzio.c; sourceTree = "<group>"; };
		4940D40A12651BE9007FA76C /* lzio.h */ = {isa = PBXFileReference; fileEncoding = 4; lastKnownFileType = sourcecode.c.h; path = lzio.h; sourceTree = "<group>"; };
		4940D8D812658992007FA76C /* EAGLView.h */ = {isa = PBXFileReference; fileEncoding = 4; lastKnownFileType = sourcecode.c.h; path = EAGLView.h; sourceTree = "<group>"; };
		4940D8D912658992007FA76C /* EAGLView.m */ = {isa = PBXFileReference; fileEncoding = 4; lastKnownFileType = sourcecode.c.objc; path = EAGLView.m; sourceTree = "<group>"; };
		4940D8DF12658992007FA76C /* WoollyMammothAppDelegate.h */ = {isa = PBXFileReference; fileEncoding = 4; lastKnownFileType = sourcecode.c.h; path = WoollyMammothAppDelegate.h; sourceTree = "<group>"; };
		4940D8E012658992007FA76C /* WoollyMammothAppDelegate.m */ = {isa = PBXFileReference; fileEncoding = 4; lastKnownFileType = sourcecode.c.objc; path = WoollyMammothAppDelegate.m; sourceTree = "<group>"; };
		4940D90912658A46007FA76C /* WMViewController.h */ = {isa = PBXFileReference; fileEncoding = 4; lastKnownFileType = sourcecode.c.h; path = WMViewController.h; sourceTree = "<group>"; };
		4940D90A12658A46007FA76C /* WMViewController.mm */ = {isa = PBXFileReference; fileEncoding = 4; lastKnownFileType = sourcecode.cpp.objcpp; path = WMViewController.mm; sourceTree = "<group>"; };
		4940D91F12658B37007FA76C /* WMViewController.xib */ = {isa = PBXFileReference; lastKnownFileType = file.xib; path = WMViewController.xib; sourceTree = "<group>"; };
		4940D97412658E4B007FA76C /* WMRenderEngine.h */ = {isa = PBXFileReference; fileEncoding = 4; lastKnownFileType = sourcecode.c.h; path = WMRenderEngine.h; sourceTree = "<group>"; };
		4940D97512658E4B007FA76C /* WMRenderEngine.mm */ = {isa = PBXFileReference; fileEncoding = 4; lastKnownFileType = sourcecode.cpp.objcpp; path = WMRenderEngine.mm; sourceTree = "<group>"; };
		4940DB1212664329007FA76C /* WMPhysicsBody.h */ = {isa = PBXFileReference; fileEncoding = 4; lastKnownFileType = sourcecode.c.h; path = WMPhysicsBody.h; sourceTree = "<group>"; };
		4940DB1312664329007FA76C /* WMPhysicsBody.mm */ = {isa = PBXFileReference; fileEncoding = 4; lastKnownFileType = sourcecode.cpp.objcpp; path = WMPhysicsBody.mm; sourceTree = "<group>"; };
		4940DB1712664431007FA76C /* WMPhysicsWorld.h */ = {isa = PBXFileReference; fileEncoding = 4; lastKnownFileType = sourcecode.c.h; path = WMPhysicsWorld.h; sourceTree = "<group>"; };
		4940DB1812664431007FA76C /* WMPhysicsWorld.mm */ = {isa = PBXFileReference; fileEncoding = 4; lastKnownFileType = sourcecode.cpp.objcpp; path = WMPhysicsWorld.mm; sourceTree = "<group>"; };
		4940DCE912669B1A007FA76C /* WMRenderable.h */ = {isa = PBXFileReference; fileEncoding = 4; lastKnownFileType = sourcecode.c.h; path = WMRenderable.h; sourceTree = "<group>"; };
		4940DCEA12669B1A007FA76C /* WMRenderable.mm */ = {isa = PBXFileReference; fileEncoding = 4; lastKnownFileType = sourcecode.cpp.objcpp; path = WMRenderable.mm; sourceTree = "<group>"; };
		4940DCF212669BFA007FA76C /* WMRenderCommon.h */ = {isa = PBXFileReference; fileEncoding = 4; lastKnownFileType = sourcecode.c.h; path = WMRenderCommon.h; sourceTree = "<group>"; };
		49570A14127A52250007280E /* WMSceneDescription.h */ = {isa = PBXFileReference; fileEncoding = 4; lastKnownFileType = sourcecode.c.h; path = WMSceneDescription.h; sourceTree = "<group>"; };
		49570A15127A52250007280E /* WMSceneDescription.mm */ = {isa = PBXFileReference; fileEncoding = 4; lastKnownFileType = sourcecode.cpp.objcpp; path = WMSceneDescription.mm; sourceTree = "<group>"; };
		498FCD4C12AB18F900CF48A3 /* WMAccelerometer.h */ = {isa = PBXFileReference; fileEncoding = 4; lastKnownFileType = sourcecode.c.h; path = WMAccelerometer.h; sourceTree = "<group>"; };
		498FCD4D12AB18F900CF48A3 /* WMAccelerometer.mm */ = {isa = PBXFileReference; fileEncoding = 4; lastKnownFileType = sourcecode.cpp.objcpp; path = WMAccelerometer.mm; sourceTree = "<group>"; };
		498FCDF912AB234C00CF48A3 /* CoreMotion.framework */ = {isa = PBXFileReference; lastKnownFileType = wrapper.framework; name = CoreMotion.framework; path = System/Library/Frameworks/CoreMotion.framework; sourceTree = SDKROOT; };
		49C54F28126962A50093FAFD /* JGResource.h */ = {isa = PBXFileReference; fileEncoding = 4; lastKnownFileType = sourcecode.c.h; path = JGResource.h; sourceTree = "<group>"; };
		49C54F29126962A50093FAFD /* JGResource.m */ = {isa = PBXFileReference; fileEncoding = 4; lastKnownFileType = sourcecode.c.objc; path = JGResource.m; sourceTree = "<group>"; };
		49C54F33126962EA0093FAFD /* JGModel.h */ = {isa = PBXFileReference; fileEncoding = 4; lastKnownFileType = sourcecode.c.h; path = JGModel.h; sourceTree = "<group>"; };
		49C54F34126962EA0093FAFD /* JGModel.m */ = {isa = PBXFileReference; fileEncoding = 4; lastKnownFileType = sourcecode.c.objc; path = JGModel.m; sourceTree = "<group>"; };
		49C54F38126963080093FAFD /* JGModelParent.h */ = {isa = PBXFileReference; fileEncoding = 4; lastKnownFileType = sourcecode.c.h; path = JGModelParent.h; sourceTree = "<group>"; };
		49C54F39126963080093FAFD /* JGModelParent.m */ = {isa = PBXFileReference; fileEncoding = 4; lastKnownFileType = sourcecode.c.objc; path = JGModelParent.m; sourceTree = "<group>"; };
		49C54F3F1269633D0093FAFD /* JGStructures.h */ = {isa = PBXFileReference; fileEncoding = 4; lastKnownFileType = sourcecode.c.h; path = JGStructures.h; sourceTree = "<group>"; };
		49C551B112697CE60093FAFD /* Accelerometer.h */ = {isa = PBXFileReference; fileEncoding = 4; lastKnownFileType = sourcecode.c.h; path = Accelerometer.h; sourceTree = "<group>"; };
		49C551B212697CE60093FAFD /* App.h */ = {isa = PBXFileReference; fileEncoding = 4; lastKnownFileType = sourcecode.c.h; path = App.h; sourceTree = "<group>"; };
		49C551B312697CE60093FAFD /* Audio.h */ = {isa = PBXFileReference; fileEncoding = 4; lastKnownFileType = sourcecode.c.h; path = Audio.h; sourceTree = "<group>"; };
		49C551B412697CE60093FAFD /* Camera.h */ = {isa = PBXFileReference; fileEncoding = 4; lastKnownFileType = sourcecode.c.h; path = Camera.h; sourceTree = "<group>"; };
		49C551B512697CE60093FAFD /* Culling.h */ = {isa = PBXFileReference; fileEncoding = 4; lastKnownFileType = sourcecode.c.h; path = Culling.h; sourceTree = "<group>"; };
		49C551B612697CE60093FAFD /* DeviceType.h */ = {isa = PBXFileReference; fileEncoding = 4; lastKnownFileType = sourcecode.c.h; path = DeviceType.h; sourceTree = "<group>"; };
		49C551B712697CE60093FAFD /* Geometry.h */ = {isa = PBXFileReference; fileEncoding = 4; lastKnownFileType = sourcecode.c.h; path = Geometry.h; sourceTree = "<group>"; };
		49C551B812697CE60093FAFD /* GraphicsDevice.h */ = {isa = PBXFileReference; fileEncoding = 4; lastKnownFileType = sourcecode.c.h; path = GraphicsDevice.h; sourceTree = "<group>"; };
		49C551B912697CE60093FAFD /* Log_retired.h */ = {isa = PBXFileReference; fileEncoding = 4; lastKnownFileType = sourcecode.c.h; path = Log_retired.h; sourceTree = "<group>"; };
		49C551BA12697CE60093FAFD /* Macros.h */ = {isa = PBXFileReference; fileEncoding = 4; lastKnownFileType = sourcecode.c.h; path = Macros.h; sourceTree = "<group>"; };
		49C551BB12697CE60093FAFD /* Mathematics.h */ = {isa = PBXFileReference; fileEncoding = 4; lastKnownFileType = sourcecode.c.h; path = Mathematics.h; sourceTree = "<group>"; };
		49C551BC12697CE60093FAFD /* MemoryManager.h */ = {isa = PBXFileReference; fileEncoding = 4; lastKnownFileType = sourcecode.c.h; path = MemoryManager.h; sourceTree = "<group>"; };
		49C551BD12697CE60093FAFD /* OolongEngine2.h */ = {isa = PBXFileReference; fileEncoding = 4; lastKnownFileType = sourcecode.c.h; path = OolongEngine2.h; sourceTree = "<group>"; };
		49C551BE12697CE60093FAFD /* Pathes.h */ = {isa = PBXFileReference; fileEncoding = 4; lastKnownFileType = sourcecode.c.h; path = Pathes.h; sourceTree = "<group>"; };
		49C551BF12697CE60093FAFD /* Profile.h */ = {isa = PBXFileReference; fileEncoding = 4; lastKnownFileType = sourcecode.c.h; path = Profile.h; sourceTree = "<group>"; };
		49C551C012697CE60093FAFD /* Resource.h */ = {isa = PBXFileReference; fileEncoding = 4; lastKnownFileType = sourcecode.c.h; path = Resource.h; sourceTree = "<group>"; };
		49C551C112697CE60093FAFD /* Timing.h */ = {isa = PBXFileReference; fileEncoding = 4; lastKnownFileType = sourcecode.c.h; path = Timing.h; sourceTree = "<group>"; };
		49C551C212697CE60093FAFD /* TouchScreen.h */ = {isa = PBXFileReference; fileEncoding = 4; lastKnownFileType = sourcecode.c.h; path = TouchScreen.h; sourceTree = "<group>"; };
		49C551C312697CE60093FAFD /* Type.h */ = {isa = PBXFileReference; fileEncoding = 4; lastKnownFileType = sourcecode.c.h; path = Type.h; sourceTree = "<group>"; };
		49C551C412697CE60093FAFD /* UI.h */ = {isa = PBXFileReference; fileEncoding = 4; lastKnownFileType = sourcecode.c.h; path = UI.h; sourceTree = "<group>"; };
		49C551C612697CE60093FAFD /* Mathematics.h */ = {isa = PBXFileReference; fileEncoding = 4; lastKnownFileType = sourcecode.c.h; path = Mathematics.h; sourceTree = "<group>"; };
		49C551C712697CE60093FAFD /* Matrix.cpp */ = {isa = PBXFileReference; fileEncoding = 4; lastKnownFileType = sourcecode.cpp.cpp; path = Matrix.cpp; sourceTree = "<group>"; };
		49C551C812697CE60093FAFD /* Matrix.h */ = {isa = PBXFileReference; fileEncoding = 4; lastKnownFileType = sourcecode.c.h; path = Matrix.h; sourceTree = "<group>"; };
		49C551CA12697CE60093FAFD /* neon_matrix_impl.cpp */ = {isa = PBXFileReference; fileEncoding = 4; lastKnownFileType = sourcecode.cpp.cpp; path = neon_matrix_impl.cpp; sourceTree = "<group>"; };
		49C551CB12697CE60093FAFD /* neon_matrix_impl.h */ = {isa = PBXFileReference; fileEncoding = 4; lastKnownFileType = sourcecode.c.h; path = neon_matrix_impl.h; sourceTree = "<group>"; };
		49C551CC12697CE60093FAFD /* Quaternion.h */ = {isa = PBXFileReference; fileEncoding = 4; lastKnownFileType = sourcecode.c.h; path = Quaternion.h; sourceTree = "<group>"; };
		49C551CD12697CE60093FAFD /* Random.cpp */ = {isa = PBXFileReference; fileEncoding = 4; lastKnownFileType = sourcecode.cpp.cpp; path = Random.cpp; sourceTree = "<group>"; };
		49C551CE12697CE60093FAFD /* Random.h */ = {isa = PBXFileReference; fileEncoding = 4; lastKnownFileType = sourcecode.c.h; path = Random.h; sourceTree = "<group>"; };
		49C551CF12697CE60093FAFD /* Transform.cpp */ = {isa = PBXFileReference; fileEncoding = 4; lastKnownFileType = sourcecode.cpp.cpp; path = Transform.cpp; sourceTree = "<group>"; };
		49C551D012697CE60093FAFD /* Transform.h */ = {isa = PBXFileReference; fileEncoding = 4; lastKnownFileType = sourcecode.c.h; path = Transform.h; sourceTree = "<group>"; };
		49C551D112697CE60093FAFD /* Vector.h */ = {isa = PBXFileReference; fileEncoding = 4; lastKnownFileType = sourcecode.c.h; path = Vector.h; sourceTree = "<group>"; };
		49C551D312697CE60093FAFD /* common_macros.h */ = {isa = PBXFileReference; fileEncoding = 4; lastKnownFileType = sourcecode.c.h; path = common_macros.h; sourceTree = "<group>"; };
		49C551D412697CE60093FAFD /* matrix_impl.cpp */ = {isa = PBXFileReference; fileEncoding = 4; lastKnownFileType = sourcecode.cpp.cpp; path = matrix_impl.cpp; sourceTree = "<group>"; };
		49C551D512697CE60093FAFD /* matrix_impl.h */ = {isa = PBXFileReference; fileEncoding = 4; lastKnownFileType = sourcecode.c.h; path = matrix_impl.h; sourceTree = "<group>"; };
		49C551D612697CE60093FAFD /* utility_impl.cpp */ = {isa = PBXFileReference; fileEncoding = 4; lastKnownFileType = sourcecode.cpp.cpp; path = utility_impl.cpp; sourceTree = "<group>"; };
		49C551D712697CE60093FAFD /* utility_impl.h */ = {isa = PBXFileReference; fileEncoding = 4; lastKnownFileType = sourcecode.c.h; path = utility_impl.h; sourceTree = "<group>"; };
		49C551D812697CE60093FAFD /* vfp_clobbers.h */ = {isa = PBXFileReference; fileEncoding = 4; lastKnownFileType = sourcecode.c.h; path = vfp_clobbers.h; sourceTree = "<group>"; };
		49C551F412697CE60093FAFD /* AABB.h */ = {isa = PBXFileReference; fileEncoding = 4; lastKnownFileType = sourcecode.c.h; path = AABB.h; sourceTree = "<group>"; };
		49C551F512697CE60093FAFD /* AABB_inline.h */ = {isa = PBXFileReference; fileEncoding = 4; lastKnownFileType = sourcecode.c.h; path = AABB_inline.h; sourceTree = "<group>"; };
		49C551F612697CE60093FAFD /* Frustum.h */ = {isa = PBXFileReference; fileEncoding = 4; lastKnownFileType = sourcecode.c.h; path = Frustum.h; sourceTree = "<group>"; };
		49C551F712697CE60093FAFD /* Frustum_inline.h */ = {isa = PBXFileReference; fileEncoding = 4; lastKnownFileType = sourcecode.c.h; path = Frustum_inline.h; sourceTree = "<group>"; };
		49C551F812697CE60093FAFD /* Plane.h */ = {isa = PBXFileReference; fileEncoding = 4; lastKnownFileType = sourcecode.c.h; path = Plane.h; sourceTree = "<group>"; };
		49C551F912697CE60093FAFD /* Plane_inline.h */ = {isa = PBXFileReference; fileEncoding = 4; lastKnownFileType = sourcecode.c.h; path = Plane_inline.h; sourceTree = "<group>"; };
		49C551FA12697CE60093FAFD /* Sphere.h */ = {isa = PBXFileReference; fileEncoding = 4; lastKnownFileType = sourcecode.c.h; path = Sphere.h; sourceTree = "<group>"; };
		49C551FB12697CE60093FAFD /* Sphere_inline.h */ = {isa = PBXFileReference; fileEncoding = 4; lastKnownFileType = sourcecode.c.h; path = Sphere_inline.h; sourceTree = "<group>"; };
		49C551FD12697CE60093FAFD /* BoneBatch.cpp */ = {isa = PBXFileReference; fileEncoding = 4; lastKnownFileType = sourcecode.cpp.cpp; path = BoneBatch.cpp; sourceTree = "<group>"; };
		49C551FE12697CE60093FAFD /* BoneBatch.h */ = {isa = PBXFileReference; fileEncoding = 4; lastKnownFileType = sourcecode.c.h; path = BoneBatch.h; sourceTree = "<group>"; };
		49C551FF12697CE60093FAFD /* Model3DS.cpp */ = {isa = PBXFileReference; fileEncoding = 4; lastKnownFileType = sourcecode.cpp.cpp; path = Model3DS.cpp; sourceTree = "<group>"; };
		49C5520012697CE60093FAFD /* Model3DS.h */ = {isa = PBXFileReference; fileEncoding = 4; lastKnownFileType = sourcecode.c.h; path = Model3DS.h; sourceTree = "<group>"; };
		49C5520112697CE60093FAFD /* ModelPOD.cpp */ = {isa = PBXFileReference; fileEncoding = 4; lastKnownFileType = sourcecode.cpp.cpp; path = ModelPOD.cpp; sourceTree = "<group>"; };
		49C5520212697CE60093FAFD /* ModelPOD.h */ = {isa = PBXFileReference; fileEncoding = 4; lastKnownFileType = sourcecode.c.h; path = ModelPOD.h; sourceTree = "<group>"; };
		49C5520312697CE60093FAFD /* ModelPODWriteH.cpp */ = {isa = PBXFileReference; fileEncoding = 4; lastKnownFileType = sourcecode.cpp.cpp; path = ModelPODWriteH.cpp; sourceTree = "<group>"; };
		49C5520412697CE60093FAFD /* TriStrip.cpp */ = {isa = PBXFileReference; fileEncoding = 4; lastKnownFileType = sourcecode.cpp.cpp; path = TriStrip.cpp; sourceTree = "<group>"; };
		49C5520512697CE60093FAFD /* TriStrip.h */ = {isa = PBXFileReference; fileEncoding = 4; lastKnownFileType = sourcecode.c.h; path = TriStrip.h; sourceTree = "<group>"; };
		49C5520612697CE60093FAFD /* Vertex.cpp */ = {isa = PBXFileReference; fileEncoding = 4; lastKnownFileType = sourcecode.cpp.cpp; path = Vertex.cpp; sourceTree = "<group>"; };
		49C5520712697CE60093FAFD /* Vertex.h */ = {isa = PBXFileReference; fileEncoding = 4; lastKnownFileType = sourcecode.c.h; path = Vertex.h; sourceTree = "<group>"; };
		49C5520812697CE60093FAFD /* VertexLookup.cpp */ = {isa = PBXFileReference; fileEncoding = 4; lastKnownFileType = sourcecode.cpp.cpp; path = VertexLookup.cpp; sourceTree = "<group>"; };
		49C5520912697CE60093FAFD /* VertexLookup.h */ = {isa = PBXFileReference; fileEncoding = 4; lastKnownFileType = sourcecode.c.h; path = VertexLookup.h; sourceTree = "<group>"; };
		49C5520B12697CE60093FAFD /* MemoryFile.h */ = {isa = PBXFileReference; fileEncoding = 4; lastKnownFileType = sourcecode.c.h; path = MemoryFile.h; sourceTree = "<group>"; };
		49C5520C12697CE60093FAFD /* ResourceFile.cpp */ = {isa = PBXFileReference; fileEncoding = 4; lastKnownFileType = sourcecode.cpp.cpp; path = ResourceFile.cpp; sourceTree = "<group>"; };
		49C5520D12697CE60093FAFD /* ResourceFile.h */ = {isa = PBXFileReference; fileEncoding = 4; lastKnownFileType = sourcecode.c.h; path = ResourceFile.h; sourceTree = "<group>"; };
		49C5520E12697CE60093FAFD /* Streaming.cpp */ = {isa = PBXFileReference; fileEncoding = 4; lastKnownFileType = sourcecode.cpp.cpp; path = Streaming.cpp; sourceTree = "<group>"; };
		49C5520F12697CE60093FAFD /* Streaming.h */ = {isa = PBXFileReference; fileEncoding = 4; lastKnownFileType = sourcecode.c.h; path = Streaming.h; sourceTree = "<group>"; };
		49C5523112697D250093FAFD /* DeviceType.h */ = {isa = PBXFileReference; fileEncoding = 4; lastKnownFileType = sourcecode.c.h; path = DeviceType.h; sourceTree = "<group>"; };
		49C5523212697D250093FAFD /* DeviceType.mm */ = {isa = PBXFileReference; fileEncoding = 4; lastKnownFileType = sourcecode.cpp.objcpp; path = DeviceType.mm; sourceTree = "<group>"; };
		49C5523312697D250093FAFD /* Macros.h */ = {isa = PBXFileReference; fileEncoding = 4; lastKnownFileType = sourcecode.c.h; path = Macros.h; sourceTree = "<group>"; };
		49C5523512697D250093FAFD /* MemoryTemplates.h */ = {isa = PBXFileReference; fileEncoding = 4; lastKnownFileType = sourcecode.c.h; path = MemoryTemplates.h; sourceTree = "<group>"; };
		49C5523612697D250093FAFD /* mmgr.cpp */ = {isa = PBXFileReference; fileEncoding = 4; lastKnownFileType = sourcecode.cpp.cpp; path = mmgr.cpp; sourceTree = "<group>"; };
		49C5523712697D250093FAFD /* mmgr.h */ = {isa = PBXFileReference; fileEncoding = 4; lastKnownFileType = sourcecode.c.h; path = mmgr.h; sourceTree = "<group>"; };
		49C5523812697D250093FAFD /* nommgr.h */ = {isa = PBXFileReference; fileEncoding = 4; lastKnownFileType = sourcecode.c.h; path = nommgr.h; sourceTree = "<group>"; };
		49C5523912697D250093FAFD /* readme.txt */ = {isa = PBXFileReference; fileEncoding = 4; lastKnownFileType = text; path = readme.txt; sourceTree = "<group>"; };
		49C5523B12697D250093FAFD /* ResourcePath.h */ = {isa = PBXFileReference; fileEncoding = 4; lastKnownFileType = sourcecode.c.h; path = ResourcePath.h; sourceTree = "<group>"; };
		49C5523C12697D250093FAFD /* ResourcePath.mm */ = {isa = PBXFileReference; fileEncoding = 4; lastKnownFileType = sourcecode.cpp.objcpp; path = ResourcePath.mm; sourceTree = "<group>"; };
		49C5524A12697D250093FAFD /* Timer.h */ = {isa = PBXFileReference; fileEncoding = 4; lastKnownFileType = sourcecode.c.h; path = Timer.h; sourceTree = "<group>"; };
		49C5524B12697D250093FAFD /* Timer.mm */ = {isa = PBXFileReference; fileEncoding = 4; lastKnownFileType = sourcecode.cpp.objcpp; path = Timer.mm; sourceTree = "<group>"; };
		49C5524C12697D250093FAFD /* Types.h */ = {isa = PBXFileReference; fileEncoding = 4; lastKnownFileType = sourcecode.c.h; path = Types.h; sourceTree = "<group>"; };
		49C55282126980610093FAFD /* CoreGraphics.framework */ = {isa = PBXFileReference; lastKnownFileType = wrapper.framework; name = CoreGraphics.framework; path = System/Library/Frameworks/CoreGraphics.framework; sourceTree = SDKROOT; };
		49C978A712A234A2004258E4 /* WMParticleSystem.h */ = {isa = PBXFileReference; fileEncoding = 4; lastKnownFileType = sourcecode.c.h; path = WMParticleSystem.h; sourceTree = "<group>"; };
		49C978A812A234A2004258E4 /* WMParticleSystem.mm */ = {isa = PBXFileReference; fileEncoding = 4; lastKnownFileType = sourcecode.cpp.objcpp; path = WMParticleSystem.mm; sourceTree = "<group>"; };
		49C97A6912A33FEC004258E4 /* SimplexNoise.c */ = {isa = PBXFileReference; fileEncoding = 4; lastKnownFileType = sourcecode.c.c; path = SimplexNoise.c; sourceTree = "<group>"; };
		49C97A6A12A33FEC004258E4 /* SimplexNoise.h */ = {isa = PBXFileReference; fileEncoding = 4; lastKnownFileType = sourcecode.c.h; path = SimplexNoise.h; sourceTree = "<group>"; };
		49D101EE1270BB85007E143E /* Texture2D.h */ = {isa = PBXFileReference; fileEncoding = 4; lastKnownFileType = sourcecode.c.h; path = Texture2D.h; sourceTree = "<group>"; };
		49D101EF1270BB85007E143E /* Texture2D.m */ = {isa = PBXFileReference; fileEncoding = 4; lastKnownFileType = sourcecode.c.objc; path = Texture2D.m; sourceTree = "<group>"; };
		49D101F01270BB85007E143E /* WMAsset.h */ = {isa = PBXFileReference; fileEncoding = 4; lastKnownFileType = sourcecode.c.h; path = WMAsset.h; sourceTree = "<group>"; };
		49D101F11270BB85007E143E /* WMAsset.mm */ = {isa = PBXFileReference; fileEncoding = 4; lastKnownFileType = sourcecode.cpp.objcpp; path = WMAsset.mm; sourceTree = "<group>"; };
		49D101F21270BB85007E143E /* WMAssetManager.h */ = {isa = PBXFileReference; fileEncoding = 4; lastKnownFileType = sourcecode.c.h; path = WMAssetManager.h; sourceTree = "<group>"; };
		49D101F31270BB85007E143E /* WMAssetManager.mm */ = {isa = PBXFileReference; fileEncoding = 4; lastKnownFileType = sourcecode.cpp.objcpp; path = WMAssetManager.mm; sourceTree = "<group>"; };
		49D101F41270BB85007E143E /* WMModelPOD.h */ = {isa = PBXFileReference; fileEncoding = 4; lastKnownFileType = sourcecode.c.h; path = WMModelPOD.h; sourceTree = "<group>"; };
		49D101F51270BB85007E143E /* WMModelPOD.mm */ = {isa = PBXFileReference; fileEncoding = 4; lastKnownFileType = sourcecode.cpp.objcpp; path = WMModelPOD.mm; sourceTree = "<group>"; };
		49D101F61270BB85007E143E /* WMShader.h */ = {isa = PBXFileReference; fileEncoding = 4; lastKnownFileType = sourcecode.c.h; path = WMShader.h; sourceTree = "<group>"; };
		49D101F71270BB85007E143E /* WMShader.m */ = {isa = PBXFileReference; fileEncoding = 4; lastKnownFileType = sourcecode.c.objc; path = WMShader.m; sourceTree = "<group>"; };
		49D101F81270BB85007E143E /* WMTextureAsset.h */ = {isa = PBXFileReference; fileEncoding = 4; lastKnownFileType = sourcecode.c.h; path = WMTextureAsset.h; sourceTree = "<group>"; };
		49D101F91270BB85007E143E /* WMTextureAsset.m */ = {isa = PBXFileReference; fileEncoding = 4; lastKnownFileType = sourcecode.c.objc; path = WMTextureAsset.m; sourceTree = "<group>"; };
		49D102141270BCC8007E143E /* Test.wm */ = {isa = PBXFileReference; lastKnownFileType = folder; path = Test.wm; sourceTree = "<group>"; };
		49D102C31270C55E007E143E /* WMDebugViewController.h */ = {isa = PBXFileReference; fileEncoding = 4; lastKnownFileType = sourcecode.c.h; path = WMDebugViewController.h; sourceTree = "<group>"; };
		49D102C41270C55E007E143E /* WMDebugViewController.m */ = {isa = PBXFileReference; fileEncoding = 4; lastKnownFileType = sourcecode.c.objc; path = WMDebugViewController.m; sourceTree = "<group>"; };
		49D102C51270C55E007E143E /* WMDebugViewController.xib */ = {isa = PBXFileReference; lastKnownFileType = file.xib; path = WMDebugViewController.xib; sourceTree = "<group>"; };
		49E81DDA12712FE400127D48 /* MainWindow.xib */ = {isa = PBXFileReference; lastKnownFileType = file.xib; path = MainWindow.xib; sourceTree = "<group>"; };
		49E81DDC12712FF800127D48 /* WoollyMammoth-Info.plist */ = {isa = PBXFileReference; fileEncoding = 4; lastKnownFileType = text.plist.xml; path = "WoollyMammoth-Info.plist"; sourceTree = "<group>"; };
		49E81DFB127130FD00127D48 /* xButton.png */ = {isa = PBXFileReference; lastKnownFileType = image.png; path = xButton.png; sourceTree = "<group>"; };
		49E81DFC127130FD00127D48 /* xButtonPressed.png */ = {isa = PBXFileReference; lastKnownFileType = image.png; path = xButtonPressed.png; sourceTree = "<group>"; };
		49E81F1C12714CB900127D48 /* WMQuad.h */ = {isa = PBXFileReference; fileEncoding = 4; lastKnownFileType = sourcecode.c.h; path = WMQuad.h; sourceTree = "<group>"; };
		49E81F1D12714CB900127D48 /* WMQuad.mm */ = {isa = PBXFileReference; fileEncoding = 4; lastKnownFileType = sourcecode.cpp.objcpp; path = WMQuad.mm; sourceTree = "<group>"; };
		49E81F6A127151DF00127D48 /* WMRenderableDataSource.h */ = {isa = PBXFileReference; fileEncoding = 4; lastKnownFileType = sourcecode.c.h; path = WMRenderableDataSource.h; sourceTree = "<group>"; };
		49E9D190127CB95600010020 /* WMLuaScript.h */ = {isa = PBXFileReference; fileEncoding = 4; lastKnownFileType = sourcecode.c.h; path = WMLuaScript.h; sourceTree = "<group>"; };
		49E9D191127CB95600010020 /* WMLuaScript.mm */ = {isa = PBXFileReference; fileEncoding = 4; lastKnownFileType = sourcecode.cpp.objcpp; path = WMLuaScript.mm; sourceTree = "<group>"; };
		49E9D2B5127CDF7100010020 /* WMGameObject.lua */ = {isa = PBXFileReference; fileEncoding = 4; lastKnownFileType = text; path = WMGameObject.lua; sourceTree = "<group>"; };
		49E9D2B7127CDFA800010020 /* Vector.lua */ = {isa = PBXFileReference; fileEncoding = 4; lastKnownFileType = text; path = Vector.lua; sourceTree = "<group>"; };
		49E9D2B9127D04EB00010020 /* complex.lua */ = {isa = PBXFileReference; fileEncoding = 4; lastKnownFileType = text; path = complex.lua; sourceTree = "<group>"; };
		49E9D2BA127D04EB00010020 /* matrix.lua */ = {isa = PBXFileReference; fileEncoding = 4; lastKnownFileType = text; path = matrix.lua; sourceTree = "<group>"; };
		49FD9C551299FCC30028524C /* VideoCapture.h */ = {isa = PBXFileReference; fileEncoding = 4; lastKnownFileType = sourcecode.c.h; path = VideoCapture.h; sourceTree = "<group>"; };
		49FD9C561299FCC30028524C /* VideoCapture.m */ = {isa = PBXFileReference; fileEncoding = 4; lastKnownFileType = sourcecode.c.objc; path = VideoCapture.m; sourceTree = "<group>"; };
		49FD9C5E1299FF1D0028524C /* WeatherGlobe.wm */ = {isa = PBXFileReference; lastKnownFileType = folder; path = WeatherGlobe.wm; sourceTree = "<group>"; };
		49FD9C9D1299FFA60028524C /* WMCameraInputTexture.h */ = {isa = PBXFileReference; fileEncoding = 4; lastKnownFileType = sourcecode.c.h; path = WMCameraInputTexture.h; sourceTree = "<group>"; };
		49FD9C9E1299FFA60028524C /* WMCameraInputTexture.m */ = {isa = PBXFileReference; fileEncoding = 4; lastKnownFileType = sourcecode.c.objc; path = WMCameraInputTexture.m; sourceTree = "<group>"; };
		49FD9D5B129A088D0028524C /* CoreVideo.framework */ = {isa = PBXFileReference; lastKnownFileType = wrapper.framework; name = CoreVideo.framework; path = System/Library/Frameworks/CoreVideo.framework; sourceTree = SDKROOT; };
		49FD9D61129A08970028524C /* AVFoundation.framework */ = {isa = PBXFileReference; lastKnownFileType = wrapper.framework; name = AVFoundation.framework; path = System/Library/Frameworks/AVFoundation.framework; sourceTree = SDKROOT; };
		49FD9D67129A08A20028524C /* CoreMedia.framework */ = {isa = PBXFileReference; lastKnownFileType = wrapper.framework; name = CoreMedia.framework; path = System/Library/Frameworks/CoreMedia.framework; sourceTree = SDKROOT; };
/* End PBXFileReference section */

/* Begin PBXFrameworksBuildPhase section */
		1D60588F0D05DD3D006BFB54 /* Frameworks */ = {
			isa = PBXFrameworksBuildPhase;
			buildActionMask = 2147483647;
			files = (
				1D60589F0D05DD5A006BFB54 /* Foundation.framework in Frameworks */,
				1DF5F4E00D08C38300B7A737 /* UIKit.framework in Frameworks */,
				28FD15080DC6FC5B0079059D /* QuartzCore.framework in Frameworks */,
				4940D0D01264F8DF007FA76C /* CoreFoundation.framework in Frameworks */,
				4940D0E51264F943007FA76C /* CFNetwork.framework in Frameworks */,
				49C55283126980610093FAFD /* CoreGraphics.framework in Frameworks */,
				492483AF1270D4BD00B59759 /* OpenGLES.framework in Frameworks */,
				49FD9D5C129A088D0028524C /* CoreVideo.framework in Frameworks */,
				49FD9D62129A08970028524C /* AVFoundation.framework in Frameworks */,
				49FD9D68129A08A20028524C /* CoreMedia.framework in Frameworks */,
				498FCDFA12AB234C00CF48A3 /* CoreMotion.framework in Frameworks */,
			);
			runOnlyForDeploymentPostprocessing = 0;
		};
/* End PBXFrameworksBuildPhase section */

/* Begin PBXGroup section */
		19C28FACFE9D520D11CA2CBB /* Products */ = {
			isa = PBXGroup;
			children = (
				1D6058910D05DD3D006BFB54 /* WoollyMammoth.app */,
			);
			name = Products;
			sourceTree = "<group>";
		};
		29B97314FDCFA39411CA2CEA /* CustomTemplate */ = {
			isa = PBXGroup;
			children = (
				4964C5071253F77600DC0365 /* Engine */,
				4940D8D712658992007FA76C /* Application */,
				4940D06B1264F641007FA76C /* Externals */,
				29B97315FDCFA39411CA2CEA /* Other Sources */,
				49E9D2B4127CDF7100010020 /* Scripts */,
				49E81DD912712FE400127D48 /* Resources */,
				49D102101270BCBD007E143E /* Bundles */,
				29B97323FDCFA39411CA2CEA /* Frameworks */,
				19C28FACFE9D520D11CA2CBB /* Products */,
			);
			name = CustomTemplate;
			sourceTree = "<group>";
		};
		29B97315FDCFA39411CA2CEA /* Other Sources */ = {
			isa = PBXGroup;
			children = (
				32CA4F630368D1EE00C91783 /* WoollyMammoth_Prefix.pch */,
				29B97316FDCFA39411CA2CEA /* main.m */,
			);
			name = "Other Sources";
			sourceTree = "<group>";
		};
		29B97323FDCFA39411CA2CEA /* Frameworks */ = {
			isa = PBXGroup;
			children = (
				4940D0E41264F943007FA76C /* CFNetwork.framework */,
				28FD15070DC6FC5B0079059D /* QuartzCore.framework */,
				1DF5F4DF0D08C38300B7A737 /* UIKit.framework */,
				1D30AB110D05D00D00671497 /* Foundation.framework */,
				4940D0CF1264F8DF007FA76C /* CoreFoundation.framework */,
				49C55282126980610093FAFD /* CoreGraphics.framework */,
				492483AE1270D4BD00B59759 /* OpenGLES.framework */,
				49FD9D5B129A088D0028524C /* CoreVideo.framework */,
				49FD9D61129A08970028524C /* AVFoundation.framework */,
				49FD9D67129A08A20028524C /* CoreMedia.framework */,
				498FCDF912AB234C00CF48A3 /* CoreMotion.framework */,
			);
			name = Frameworks;
			sourceTree = "<group>";
		};
		49191F481287CF8E008F6C88 /* Scripting */ = {
			isa = PBXGroup;
			children = (
				49191F491287CF8E008F6C88 /* WMDebugChannel.h */,
				49191F4A1287CF8E008F6C88 /* WMDebugChannel.mm */,
				49191F4B1287CF8E008F6C88 /* WMScriptingContext.h */,
				49191F4C1287CF8E008F6C88 /* WMScriptingContext.mm */,
				49191F501287D202008F6C88 /* WMScriptInstance.h */,
				49191F511287D202008F6C88 /* WMScriptInstance.m */,
			);
			path = Scripting;
			sourceTree = "<group>";
		};
		49331879129C8BFE0051088C /* Apple */ = {
			isa = PBXGroup;
			children = (
				4933188A129C8E810051088C /* BrowserViewController.h */,
				4933188B129C8E810051088C /* BrowserViewController.m */,
			);
			path = Apple;
			sourceTree = "<group>";
		};
		4933187C129C8C1A0051088C /* Manifest */ = {
			isa = PBXGroup;
			children = (
				4933187D129C8C1A0051088C /* WMAssetManifest.h */,
				4933187E129C8C1A0051088C /* WMAssetManifest.m */,
			);
			path = Manifest;
			sourceTree = "<group>";
		};
		4940D06B1264F641007FA76C /* Externals */ = {
			isa = PBXGroup;
			children = (
				49331879129C8BFE0051088C /* Apple */,
				49C54F27126962A50093FAFD /* Galaxy */,
				4940D3D412651BE9007FA76C /* Lua */,
				49E9D2B8127D04EB00010020 /* lua-matrix */,
				49C551AF12697CE60093FAFD /* oolong */,
				4940D06C1264F641007FA76C /* cocoaasyncsocket */,
			);
			path = Externals;
			sourceTree = "<group>";
		};
		4940D06C1264F641007FA76C /* cocoaasyncsocket */ = {
			isa = PBXGroup;
			children = (
				4940D06E1264F641007FA76C /* AsyncSocket.h */,
				4940D06F1264F641007FA76C /* AsyncSocket.m */,
				4940D0701264F641007FA76C /* AsyncUdpSocket.h */,
				4940D0711264F641007FA76C /* AsyncUdpSocket.m */,
			);
			path = cocoaasyncsocket;
			sourceTree = "<group>";
		};
		4940D3D412651BE9007FA76C /* Lua */ = {
			isa = PBXGroup;
			children = (
				4940D3D512651BE9007FA76C /* lapi.c */,
				4940D3D612651BE9007FA76C /* lapi.h */,
				4940D3D712651BE9007FA76C /* lauxlib.c */,
				4940D3D812651BE9007FA76C /* lauxlib.h */,
				4940D3D912651BE9007FA76C /* lbaselib.c */,
				4940D3DA12651BE9007FA76C /* lcode.c */,
				4940D3DB12651BE9007FA76C /* lcode.h */,
				4940D3DC12651BE9007FA76C /* ldblib.c */,
				4940D3DD12651BE9007FA76C /* ldebug.c */,
				4940D3DE12651BE9007FA76C /* ldebug.h */,
				4940D3DF12651BE9007FA76C /* ldo.c */,
				4940D3E012651BE9007FA76C /* ldo.h */,
				4940D3E112651BE9007FA76C /* ldump.c */,
				4940D3E212651BE9007FA76C /* lfunc.c */,
				4940D3E312651BE9007FA76C /* lfunc.h */,
				4940D3E412651BE9007FA76C /* lgc.c */,
				4940D3E512651BE9007FA76C /* lgc.h */,
				4940D3E612651BE9007FA76C /* linit.c */,
				4940D3E712651BE9007FA76C /* liolib.c */,
				4940D3E812651BE9007FA76C /* llex.c */,
				4940D3E912651BE9007FA76C /* llex.h */,
				4940D3EA12651BE9007FA76C /* llimits.h */,
				4940D3EB12651BE9007FA76C /* lmathlib.c */,
				4940D3EC12651BE9007FA76C /* lmem.c */,
				4940D3ED12651BE9007FA76C /* lmem.h */,
				4940D3EE12651BE9007FA76C /* loadlib.c */,
				4940D3EF12651BE9007FA76C /* lobject.c */,
				4940D3F012651BE9007FA76C /* lobject.h */,
				4940D3F112651BE9007FA76C /* lopcodes.c */,
				4940D3F212651BE9007FA76C /* lopcodes.h */,
				4940D3F312651BE9007FA76C /* loslib.c */,
				4940D3F412651BE9007FA76C /* lparser.c */,
				4940D3F512651BE9007FA76C /* lparser.h */,
				4940D3F612651BE9007FA76C /* lstate.c */,
				4940D3F712651BE9007FA76C /* lstate.h */,
				4940D3F812651BE9007FA76C /* lstring.c */,
				4940D3F912651BE9007FA76C /* lstring.h */,
				4940D3FA12651BE9007FA76C /* lstrlib.c */,
				4940D3FB12651BE9007FA76C /* ltable.c */,
				4940D3FC12651BE9007FA76C /* ltable.h */,
				4940D3FD12651BE9007FA76C /* ltablib.c */,
				4940D3FE12651BE9007FA76C /* ltm.c */,
				4940D3FF12651BE9007FA76C /* ltm.h */,
				4940D40112651BE9007FA76C /* lua.h */,
				4940D40312651BE9007FA76C /* luaconf.h */,
				4940D40412651BE9007FA76C /* lualib.h */,
				4940D40512651BE9007FA76C /* lundump.c */,
				4940D40612651BE9007FA76C /* lundump.h */,
				4940D40712651BE9007FA76C /* lvm.c */,
				4940D40812651BE9007FA76C /* lvm.h */,
				4940D40912651BE9007FA76C /* lzio.c */,
				4940D40A12651BE9007FA76C /* lzio.h */,
			);
			name = Lua;
			path = "lua-5.1.4/src";
			sourceTree = "<group>";
		};
		4940D8D712658992007FA76C /* Application */ = {
			isa = PBXGroup;
			children = (
				4940D8D812658992007FA76C /* EAGLView.h */,
				4940D8D912658992007FA76C /* EAGLView.m */,
				4940D90912658A46007FA76C /* WMViewController.h */,
				4940D90A12658A46007FA76C /* WMViewController.mm */,
				4940D91F12658B37007FA76C /* WMViewController.xib */,
				49D102C31270C55E007E143E /* WMDebugViewController.h */,
				49D102C41270C55E007E143E /* WMDebugViewController.m */,
				49D102C51270C55E007E143E /* WMDebugViewController.xib */,
				4940D8DF12658992007FA76C /* WoollyMammothAppDelegate.h */,
				4940D8E012658992007FA76C /* WoollyMammothAppDelegate.m */,
			);
			path = Application;
			sourceTree = "<group>";
		};
		4940D97212658DE9007FA76C /* Physics */ = {
			isa = PBXGroup;
			children = (
				4940DB1712664431007FA76C /* WMPhysicsWorld.h */,
				4940DB1812664431007FA76C /* WMPhysicsWorld.mm */,
				4940DB1212664329007FA76C /* WMPhysicsBody.h */,
				4940DB1312664329007FA76C /* WMPhysicsBody.mm */,
			);
			path = Physics;
			sourceTree = "<group>";
		};
		4940D97312658E1B007FA76C /* Render */ = {
			isa = PBXGroup;
			children = (
				4940DCF212669BFA007FA76C /* WMRenderCommon.h */,
				4940D97412658E4B007FA76C /* WMRenderEngine.h */,
				4940D97512658E4B007FA76C /* WMRenderEngine.mm */,
				4940DCE912669B1A007FA76C /* WMRenderable.h */,
				4940DCEA12669B1A007FA76C /* WMRenderable.mm */,
				49C978A712A234A2004258E4 /* WMParticleSystem.h */,
				49C978A812A234A2004258E4 /* WMParticleSystem.mm */,
				49E81F1C12714CB900127D48 /* WMQuad.h */,
				49E81F1D12714CB900127D48 /* WMQuad.mm */,
				49E81F6A127151DF00127D48 /* WMRenderableDataSource.h */,
				49FD9C551299FCC30028524C /* VideoCapture.h */,
				49FD9C561299FCC30028524C /* VideoCapture.m */,
				49FD9C9D1299FFA60028524C /* WMCameraInputTexture.h */,
				49FD9C9E1299FFA60028524C /* WMCameraInputTexture.m */,
			);
			path = Render;
			sourceTree = "<group>";
		};
		4964C5071253F77600DC0365 /* Engine */ = {
			isa = PBXGroup;
			children = (
				4940D0651264F608007FA76C /* WMEngine.h */,
				4940D0661264F608007FA76C /* WMEngine.mm */,
				4940D0621264F5F7007FA76C /* WMGameObject.h */,
				4940D0631264F5F7007FA76C /* WMGameObject.mm */,
				498FCD4B12AB18EC00CF48A3 /* Input */,
				4940D97212658DE9007FA76C /* Physics */,
				4940D97312658E1B007FA76C /* Render */,
				49D101ED1270BB85007E143E /* Resource */,
				49191F481287CF8E008F6C88 /* Scripting */,
				49C97A6512A33FDC004258E4 /* Util */,
			);
			path = Engine;
			sourceTree = "<group>";
		};
		498FCD4B12AB18EC00CF48A3 /* Input */ = {
			isa = PBXGroup;
			children = (
				498FCD4C12AB18F900CF48A3 /* WMAccelerometer.h */,
				498FCD4D12AB18F900CF48A3 /* WMAccelerometer.mm */,
			);
			path = Input;
			sourceTree = "<group>";
		};
		49C54F27126962A50093FAFD /* Galaxy */ = {
			isa = PBXGroup;
			children = (
				49C54F3F1269633D0093FAFD /* JGStructures.h */,
				49C54F38126963080093FAFD /* JGModelParent.h */,
				49C54F39126963080093FAFD /* JGModelParent.m */,
				49C54F33126962EA0093FAFD /* JGModel.h */,
				49C54F34126962EA0093FAFD /* JGModel.m */,
				49C54F28126962A50093FAFD /* JGResource.h */,
				49C54F29126962A50093FAFD /* JGResource.m */,
			);
			path = Galaxy;
			sourceTree = "<group>";
		};
		49C551AF12697CE60093FAFD /* oolong */ = {
			isa = PBXGroup;
			children = (
				49C5522F12697D250093FAFD /* Utility */,
				49C551B012697CE60093FAFD /* Include */,
				49C551C512697CE60093FAFD /* Math */,
				49C551D912697CE60093FAFD /* Renderer */,
			);
			path = oolong;
			sourceTree = "<group>";
		};
		49C551B012697CE60093FAFD /* Include */ = {
			isa = PBXGroup;
			children = (
				49C551B112697CE60093FAFD /* Accelerometer.h */,
				49C551B212697CE60093FAFD /* App.h */,
				49C551B312697CE60093FAFD /* Audio.h */,
				49C551B412697CE60093FAFD /* Camera.h */,
				49C551B512697CE60093FAFD /* Culling.h */,
				49C551B612697CE60093FAFD /* DeviceType.h */,
				49C551B712697CE60093FAFD /* Geometry.h */,
				49C551B812697CE60093FAFD /* GraphicsDevice.h */,
				49C551B912697CE60093FAFD /* Log_retired.h */,
				49C551BA12697CE60093FAFD /* Macros.h */,
				49C551BB12697CE60093FAFD /* Mathematics.h */,
				49C551BC12697CE60093FAFD /* MemoryManager.h */,
				49C551BD12697CE60093FAFD /* OolongEngine2.h */,
				49C551BE12697CE60093FAFD /* Pathes.h */,
				49C551BF12697CE60093FAFD /* Profile.h */,
				49C551C012697CE60093FAFD /* Resource.h */,
				49C551C112697CE60093FAFD /* Timing.h */,
				49C551C212697CE60093FAFD /* TouchScreen.h */,
				49C551C312697CE60093FAFD /* Type.h */,
				49C551C412697CE60093FAFD /* UI.h */,
			);
			path = Include;
			sourceTree = "<group>";
		};
		49C551C512697CE60093FAFD /* Math */ = {
			isa = PBXGroup;
			children = (
				49C551C612697CE60093FAFD /* Mathematics.h */,
				49C551C712697CE60093FAFD /* Matrix.cpp */,
				49C551C812697CE60093FAFD /* Matrix.h */,
				49C551C912697CE60093FAFD /* neonmath */,
				49C551CC12697CE60093FAFD /* Quaternion.h */,
				49C551CD12697CE60093FAFD /* Random.cpp */,
				49C551CE12697CE60093FAFD /* Random.h */,
				49C551CF12697CE60093FAFD /* Transform.cpp */,
				49C551D012697CE60093FAFD /* Transform.h */,
				49C551D112697CE60093FAFD /* Vector.h */,
				49C551D212697CE60093FAFD /* vfpmath */,
			);
			path = Math;
			sourceTree = "<group>";
		};
		49C551C912697CE60093FAFD /* neonmath */ = {
			isa = PBXGroup;
			children = (
				49C551CA12697CE60093FAFD /* neon_matrix_impl.cpp */,
				49C551CB12697CE60093FAFD /* neon_matrix_impl.h */,
			);
			path = neonmath;
			sourceTree = "<group>";
		};
		49C551D212697CE60093FAFD /* vfpmath */ = {
			isa = PBXGroup;
			children = (
				49C551D312697CE60093FAFD /* common_macros.h */,
				49C551D412697CE60093FAFD /* matrix_impl.cpp */,
				49C551D512697CE60093FAFD /* matrix_impl.h */,
				49C551D612697CE60093FAFD /* utility_impl.cpp */,
				49C551D712697CE60093FAFD /* utility_impl.h */,
				49C551D812697CE60093FAFD /* vfp_clobbers.h */,
			);
			path = vfpmath;
			sourceTree = "<group>";
		};
		49C551D912697CE60093FAFD /* Renderer */ = {
			isa = PBXGroup;
			children = (
				49C551DA12697CE60093FAFD /* Camera */,
				49C551F312697CE60093FAFD /* Culling */,
				49C551FC12697CE60093FAFD /* Geometry */,
				49C5520A12697CE60093FAFD /* Resource */,
			);
			path = Renderer;
			sourceTree = "<group>";
		};
		49C551DA12697CE60093FAFD /* Camera */ = {
			isa = PBXGroup;
			children = (
			);
			path = Camera;
			sourceTree = "<group>";
		};
		49C551F312697CE60093FAFD /* Culling */ = {
			isa = PBXGroup;
			children = (
				49C551F412697CE60093FAFD /* AABB.h */,
				49C551F512697CE60093FAFD /* AABB_inline.h */,
				49C551F612697CE60093FAFD /* Frustum.h */,
				49C551F712697CE60093FAFD /* Frustum_inline.h */,
				49C551F812697CE60093FAFD /* Plane.h */,
				49C551F912697CE60093FAFD /* Plane_inline.h */,
				49C551FA12697CE60093FAFD /* Sphere.h */,
				49C551FB12697CE60093FAFD /* Sphere_inline.h */,
			);
			path = Culling;
			sourceTree = "<group>";
		};
		49C551FC12697CE60093FAFD /* Geometry */ = {
			isa = PBXGroup;
			children = (
				49C551FD12697CE60093FAFD /* BoneBatch.cpp */,
				49C551FE12697CE60093FAFD /* BoneBatch.h */,
				49C551FF12697CE60093FAFD /* Model3DS.cpp */,
				49C5520012697CE60093FAFD /* Model3DS.h */,
				49C5520112697CE60093FAFD /* ModelPOD.cpp */,
				49C5520212697CE60093FAFD /* ModelPOD.h */,
				49C5520312697CE60093FAFD /* ModelPODWriteH.cpp */,
				49C5520412697CE60093FAFD /* TriStrip.cpp */,
				49C5520512697CE60093FAFD /* TriStrip.h */,
				49C5520612697CE60093FAFD /* Vertex.cpp */,
				49C5520712697CE60093FAFD /* Vertex.h */,
				49C5520812697CE60093FAFD /* VertexLookup.cpp */,
				49C5520912697CE60093FAFD /* VertexLookup.h */,
			);
			path = Geometry;
			sourceTree = "<group>";
		};
		49C5520A12697CE60093FAFD /* Resource */ = {
			isa = PBXGroup;
			children = (
				49C5520B12697CE60093FAFD /* MemoryFile.h */,
				49C5520C12697CE60093FAFD /* ResourceFile.cpp */,
				49C5520D12697CE60093FAFD /* ResourceFile.h */,
				49C5520E12697CE60093FAFD /* Streaming.cpp */,
				49C5520F12697CE60093FAFD /* Streaming.h */,
			);
			path = Resource;
			sourceTree = "<group>";
		};
		49C5522F12697D250093FAFD /* Utility */ = {
			isa = PBXGroup;
			children = (
				49C5523012697D250093FAFD /* DeviceType */,
				49C5523312697D250093FAFD /* Macros.h */,
				49C5523412697D250093FAFD /* MemoryManager */,
				49C5523A12697D250093FAFD /* Pathes */,
				49C5524912697D250093FAFD /* Timing */,
				49C5524C12697D250093FAFD /* Types.h */,
			);
			path = Utility;
			sourceTree = "<group>";
		};
		49C5523012697D250093FAFD /* DeviceType */ = {
			isa = PBXGroup;
			children = (
				49C5523112697D250093FAFD /* DeviceType.h */,
				49C5523212697D250093FAFD /* DeviceType.mm */,
			);
			path = DeviceType;
			sourceTree = "<group>";
		};
		49C5523412697D250093FAFD /* MemoryManager */ = {
			isa = PBXGroup;
			children = (
				49C5523512697D250093FAFD /* MemoryTemplates.h */,
				49C5523612697D250093FAFD /* mmgr.cpp */,
				49C5523712697D250093FAFD /* mmgr.h */,
				49C5523812697D250093FAFD /* nommgr.h */,
				49C5523912697D250093FAFD /* readme.txt */,
			);
			path = MemoryManager;
			sourceTree = "<group>";
		};
		49C5523A12697D250093FAFD /* Pathes */ = {
			isa = PBXGroup;
			children = (
				49C5523B12697D250093FAFD /* ResourcePath.h */,
				49C5523C12697D250093FAFD /* ResourcePath.mm */,
			);
			path = Pathes;
			sourceTree = "<group>";
		};
		49C5524912697D250093FAFD /* Timing */ = {
			isa = PBXGroup;
			children = (
				49C5524A12697D250093FAFD /* Timer.h */,
				49C5524B12697D250093FAFD /* Timer.mm */,
			);
			path = Timing;
			sourceTree = "<group>";
		};
		49C97A6512A33FDC004258E4 /* Util */ = {
			isa = PBXGroup;
			children = (
				49C97A6A12A33FEC004258E4 /* SimplexNoise.h */,
				49C97A6912A33FEC004258E4 /* SimplexNoise.c */,
			);
			path = Util;
			sourceTree = "<group>";
		};
		49D101ED1270BB85007E143E /* Resource */ = {
			isa = PBXGroup;
			children = (
				4933187C129C8C1A0051088C /* Manifest */,
				49D101F21270BB85007E143E /* WMAssetManager.h */,
				49D101F31270BB85007E143E /* WMAssetManager.mm */,
				49D101F81270BB85007E143E /* WMTextureAsset.h */,
				49D101F91270BB85007E143E /* WMTextureAsset.m */,
				49D101F01270BB85007E143E /* WMAsset.h */,
				49D101F11270BB85007E143E /* WMAsset.mm */,
				49D101F41270BB85007E143E /* WMModelPOD.h */,
				49D101F51270BB85007E143E /* WMModelPOD.mm */,
				49D101F61270BB85007E143E /* WMShader.h */,
				49D101F71270BB85007E143E /* WMShader.m */,
				49D101EE1270BB85007E143E /* Texture2D.h */,
				49D101EF1270BB85007E143E /* Texture2D.m */,
				49570A14127A52250007280E /* WMSceneDescription.h */,
				49570A15127A52250007280E /* WMSceneDescription.mm */,
				49E9D190127CB95600010020 /* WMLuaScript.h */,
				49E9D191127CB95600010020 /* WMLuaScript.mm */,
			);
			path = Resource;
			sourceTree = "<group>";
		};
		49D102101270BCBD007E143E /* Bundles */ = {
			isa = PBXGroup;
			children = (
				49FD9C5E1299FF1D0028524C /* WeatherGlobe.wm */,
				49D102141270BCC8007E143E /* Test.wm */,
			);
			path = Bundles;
			sourceTree = "<group>";
		};
		49E81DD912712FE400127D48 /* Resources */ = {
			isa = PBXGroup;
			children = (
				49E81DFB127130FD00127D48 /* xButton.png */,
				49E81DFC127130FD00127D48 /* xButtonPressed.png */,
				49E81DDC12712FF800127D48 /* WoollyMammoth-Info.plist */,
				49E81DDA12712FE400127D48 /* MainWindow.xib */,
			);
			path = Resources;
			sourceTree = "<group>";
		};
		49E9D2B4127CDF7100010020 /* Scripts */ = {
			isa = PBXGroup;
			children = (
				49E9D2B5127CDF7100010020 /* WMGameObject.lua */,
				49E9D2B7127CDFA800010020 /* Vector.lua */,
			);
			path = Scripts;
			sourceTree = "<group>";
		};
		49E9D2B8127D04EB00010020 /* lua-matrix */ = {
			isa = PBXGroup;
			children = (
				49E9D2B9127D04EB00010020 /* complex.lua */,
				49E9D2BA127D04EB00010020 /* matrix.lua */,
			);
			name = "lua-matrix";
			path = "lua-matrix/lua";
			sourceTree = "<group>";
		};
/* End PBXGroup section */

/* Begin PBXNativeTarget section */
		1D6058900D05DD3D006BFB54 /* WoollyMammoth */ = {
			isa = PBXNativeTarget;
			buildConfigurationList = 1D6058960D05DD3E006BFB54 /* Build configuration list for PBXNativeTarget "WoollyMammoth" */;
			buildPhases = (
				1D60588D0D05DD3D006BFB54 /* Resources */,
				1D60588E0D05DD3D006BFB54 /* Sources */,
				1D60588F0D05DD3D006BFB54 /* Frameworks */,
			);
			buildRules = (
			);
			dependencies = (
			);
			name = WoollyMammoth;
			productName = WoollyMammoth;
			productReference = 1D6058910D05DD3D006BFB54 /* WoollyMammoth.app */;
			productType = "com.apple.product-type.application";
		};
/* End PBXNativeTarget section */

/* Begin PBXProject section */
		29B97313FDCFA39411CA2CEA /* Project object */ = {
			isa = PBXProject;
			buildConfigurationList = C01FCF4E08A954540054247B /* Build configuration list for PBXProject "WoollyMammoth" */;
			compatibilityVersion = "Xcode 3.1";
			developmentRegion = English;
			hasScannedForEncodings = 1;
			knownRegions = (
				English,
				Japanese,
				French,
				German,
			);
			mainGroup = 29B97314FDCFA39411CA2CEA /* CustomTemplate */;
			projectDirPath = "";
			projectRoot = "";
			targets = (
				1D6058900D05DD3D006BFB54 /* WoollyMammoth */,
			);
		};
/* End PBXProject section */

/* Begin PBXResourcesBuildPhase section */
		1D60588D0D05DD3D006BFB54 /* Resources */ = {
			isa = PBXResourcesBuildPhase;
			buildActionMask = 2147483647;
			files = (
				4940D92012658B37007FA76C /* WMViewController.xib in Resources */,
				49D102171270BCC8007E143E /* Test.wm in Resources */,
				49D102C71270C55E007E143E /* WMDebugViewController.xib in Resources */,
				49E81DDB12712FE400127D48 /* MainWindow.xib in Resources */,
				49E81DFD127130FD00127D48 /* xButton.png in Resources */,
				49E81DFE127130FD00127D48 /* xButtonPressed.png in Resources */,
				49E9D2B6127CDF7100010020 /* WMGameObject.lua in Resources */,
				49E9D2BB127D04EB00010020 /* complex.lua in Resources */,
				49E9D2BC127D04EB00010020 /* matrix.lua in Resources */,
				49FD9C621299FF1D0028524C /* WeatherGlobe.wm in Resources */,
			);
			runOnlyForDeploymentPostprocessing = 0;
		};
/* End PBXResourcesBuildPhase section */

/* Begin PBXSourcesBuildPhase section */
		1D60588E0D05DD3D006BFB54 /* Sources */ = {
			isa = PBXSourcesBuildPhase;
			buildActionMask = 2147483647;
			files = (
				1D60589B0D05DD56006BFB54 /* main.m in Sources */,
				4940D0641264F5F7007FA76C /* WMGameObject.mm in Sources */,
				4940D0671264F608007FA76C /* WMEngine.mm in Sources */,
				4940D0911264F641007FA76C /* AsyncSocket.m in Sources */,
				4940D0921264F641007FA76C /* AsyncUdpSocket.m in Sources */,
				4940D40D12651BE9007FA76C /* lapi.c in Sources */,
				4940D40E12651BE9007FA76C /* lauxlib.c in Sources */,
				4940D40F12651BE9007FA76C /* lbaselib.c in Sources */,
				4940D41012651BE9007FA76C /* lcode.c in Sources */,
				4940D41112651BE9007FA76C /* ldblib.c in Sources */,
				4940D41212651BE9007FA76C /* ldebug.c in Sources */,
				4940D41312651BE9007FA76C /* ldo.c in Sources */,
				4940D41412651BE9007FA76C /* ldump.c in Sources */,
				4940D41512651BE9007FA76C /* lfunc.c in Sources */,
				4940D41612651BE9007FA76C /* lgc.c in Sources */,
				4940D41712651BE9007FA76C /* linit.c in Sources */,
				4940D41812651BE9007FA76C /* liolib.c in Sources */,
				4940D41912651BE9007FA76C /* llex.c in Sources */,
				4940D41A12651BE9007FA76C /* lmathlib.c in Sources */,
				4940D41B12651BE9007FA76C /* lmem.c in Sources */,
				4940D41C12651BE9007FA76C /* loadlib.c in Sources */,
				4940D41D12651BE9007FA76C /* lobject.c in Sources */,
				4940D41E12651BE9007FA76C /* lopcodes.c in Sources */,
				4940D41F12651BE9007FA76C /* loslib.c in Sources */,
				4940D42012651BE9007FA76C /* lparser.c in Sources */,
				4940D42112651BE9007FA76C /* lstate.c in Sources */,
				4940D42212651BE9007FA76C /* lstring.c in Sources */,
				4940D42312651BE9007FA76C /* lstrlib.c in Sources */,
				4940D42412651BE9007FA76C /* ltable.c in Sources */,
				4940D42512651BE9007FA76C /* ltablib.c in Sources */,
				4940D42612651BE9007FA76C /* ltm.c in Sources */,
				4940D42912651BE9007FA76C /* lundump.c in Sources */,
				4940D42A12651BE9007FA76C /* lvm.c in Sources */,
				4940D42B12651BE9007FA76C /* lzio.c in Sources */,
				4940D8E112658992007FA76C /* EAGLView.m in Sources */,
				4940D8E412658992007FA76C /* WoollyMammothAppDelegate.m in Sources */,
				4940D90B12658A46007FA76C /* WMViewController.mm in Sources */,
				4940D97612658E4B007FA76C /* WMRenderEngine.mm in Sources */,
				4940DCEB12669B1A007FA76C /* WMRenderable.mm in Sources */,
				49C54F2A126962A50093FAFD /* JGResource.m in Sources */,
				49C54F35126962EA0093FAFD /* JGModel.m in Sources */,
				49C54F3A126963080093FAFD /* JGModelParent.m in Sources */,
				49C5521512697CE60093FAFD /* Matrix.cpp in Sources */,
				49C5521612697CE60093FAFD /* neon_matrix_impl.cpp in Sources */,
				49C5521712697CE60093FAFD /* Random.cpp in Sources */,
				49C5521812697CE60093FAFD /* Transform.cpp in Sources */,
				49C5521912697CE60093FAFD /* matrix_impl.cpp in Sources */,
				49C5521A12697CE60093FAFD /* utility_impl.cpp in Sources */,
				49C5522312697CE60093FAFD /* BoneBatch.cpp in Sources */,
				49C5522412697CE60093FAFD /* Model3DS.cpp in Sources */,
				49C5522512697CE60093FAFD /* ModelPOD.cpp in Sources */,
				49C5522612697CE60093FAFD /* ModelPODWriteH.cpp in Sources */,
				49C5522712697CE60093FAFD /* TriStrip.cpp in Sources */,
				49C5522812697CE60093FAFD /* Vertex.cpp in Sources */,
				49C5522912697CE60093FAFD /* VertexLookup.cpp in Sources */,
				49C5522A12697CE60093FAFD /* ResourceFile.cpp in Sources */,
				49C5522B12697CE60093FAFD /* Streaming.cpp in Sources */,
				49C5524D12697D250093FAFD /* DeviceType.mm in Sources */,
				49C5524E12697D250093FAFD /* mmgr.cpp in Sources */,
				49C5525012697D250093FAFD /* ResourcePath.mm in Sources */,
				49C5525712697D250093FAFD /* Timer.mm in Sources */,
				49D101FA1270BB85007E143E /* Texture2D.m in Sources */,
				49D101FB1270BB85007E143E /* WMAsset.mm in Sources */,
				49D101FC1270BB85007E143E /* WMAssetManager.mm in Sources */,
				49D101FD1270BB85007E143E /* WMModelPOD.mm in Sources */,
				49D101FE1270BB85007E143E /* WMShader.m in Sources */,
				49D101FF1270BB85007E143E /* WMTextureAsset.m in Sources */,
				49D102C61270C55E007E143E /* WMDebugViewController.m in Sources */,
				49E81F1E12714CB900127D48 /* WMQuad.mm in Sources */,
				49570A16127A52250007280E /* WMSceneDescription.mm in Sources */,
				49E9D192127CB95600010020 /* WMLuaScript.mm in Sources */,
				49191F4D1287CF8E008F6C88 /* WMDebugChannel.mm in Sources */,
				49191F4E1287CF8E008F6C88 /* WMScriptingContext.mm in Sources */,
				49191F521287D202008F6C88 /* WMScriptInstance.m in Sources */,
				49FD9C571299FCC30028524C /* VideoCapture.m in Sources */,
				49FD9C9F1299FFA60028524C /* WMCameraInputTexture.m in Sources */,
				4933187F129C8C1A0051088C /* WMAssetManifest.m in Sources */,
				4933188C129C8E810051088C /* BrowserViewController.m in Sources */,
				49C978A912A234A2004258E4 /* WMParticleSystem.mm in Sources */,
				49C97A6B12A33FEC004258E4 /* SimplexNoise.c in Sources */,
				498FCD4E12AB18F900CF48A3 /* WMAccelerometer.mm in Sources */,
			);
			runOnlyForDeploymentPostprocessing = 0;
		};
/* End PBXSourcesBuildPhase section */

/* Begin XCBuildConfiguration section */
		1D6058940D05DD3E006BFB54 /* Debug */ = {
			isa = XCBuildConfiguration;
			buildSettings = {
				COPY_PHASE_STRIP = NO;
				GCC_DYNAMIC_NO_PIC = NO;
				GCC_OPTIMIZATION_LEVEL = 0;
				GCC_PRECOMPILE_PREFIX_HEADER = YES;
				GCC_PREFIX_HEADER = WoollyMammoth_Prefix.pch;
				GCC_THUMB_SUPPORT = NO;
				"GCC_THUMB_SUPPORT[arch=armv6]" = NO;
				HEADER_SEARCH_PATHS = $SRCROOT/Externals/oolong/Include;
				INFOPLIST_FILE = "Resources/WoollyMammoth-Info.plist";
				IPHONEOS_DEPLOYMENT_TARGET = 3.2;
				OTHER_CPLUSPLUSFLAGS = (
					"-Wno-format-security",
					"-Wno-write-strings",
					"$(OTHER_CFLAGS)",
				);
				PRODUCT_NAME = WoollyMammoth;
				TARGETED_DEVICE_FAMILY = "1,2";
				USER_HEADER_SEARCH_PATHS = "$SRCROOT/Externals/Bullet/src $SRCROOT/Externals/oolong/Include";
			};
			name = Debug;
		};
		1D6058950D05DD3E006BFB54 /* Release */ = {
			isa = XCBuildConfiguration;
			buildSettings = {
				COPY_PHASE_STRIP = YES;
				GCC_PRECOMPILE_PREFIX_HEADER = YES;
				GCC_PREFIX_HEADER = WoollyMammoth_Prefix.pch;
				GCC_THUMB_SUPPORT = NO;
				"GCC_THUMB_SUPPORT[arch=armv6]" = NO;
				HEADER_SEARCH_PATHS = $SRCROOT/Externals/oolong/Include;
				INFOPLIST_FILE = "Resources/WoollyMammoth-Info.plist";
				IPHONEOS_DEPLOYMENT_TARGET = 3.2;
				OTHER_CPLUSPLUSFLAGS = (
					"-Wno-format-security",
					"-Wno-write-strings",
					"$(OTHER_CFLAGS)",
				);
				PRODUCT_NAME = WoollyMammoth;
				TARGETED_DEVICE_FAMILY = "1,2";
				USER_HEADER_SEARCH_PATHS = "$SRCROOT/Externals/Bullet/src $SRCROOT/Externals/oolong/Include";
				VALIDATE_PRODUCT = YES;
			};
			name = Release;
		};
		C01FCF4F08A954540054247B /* Debug */ = {
			isa = XCBuildConfiguration;
			buildSettings = {
				ARCHS = "$(ARCHS_STANDARD_32_BIT)";
				"CODE_SIGN_IDENTITY[sdk=iphoneos*]" = "iPhone Developer";
				GCC_C_LANGUAGE_STANDARD = c99;
				GCC_PREPROCESSOR_DEFINITIONS = DEBUG;
				GCC_WARN_ABOUT_RETURN_TYPE = YES;
				GCC_WARN_UNUSED_VARIABLE = YES;
				IPHONEOS_DEPLOYMENT_TARGET = 3.2;
				PREBINDING = NO;
				SDKROOT = iphoneos;
				USER_HEADER_SEARCH_PATHS = $SRCROOT/Externals/Bullet/src;
			};
			name = Debug;
		};
		C01FCF5008A954540054247B /* Release */ = {
			isa = XCBuildConfiguration;
			buildSettings = {
				ARCHS = "$(ARCHS_STANDARD_32_BIT)";
				"CODE_SIGN_IDENTITY[sdk=iphoneos*]" = "iPhone Developer";
				GCC_C_LANGUAGE_STANDARD = c99;
				GCC_WARN_ABOUT_RETURN_TYPE = YES;
				GCC_WARN_UNUSED_VARIABLE = YES;
				OTHER_CFLAGS = "-DNS_BLOCK_ASSERTIONS=1";
				PREBINDING = NO;
				SDKROOT = iphoneos;
				USER_HEADER_SEARCH_PATHS = $SRCROOT/Externals/Bullet/src;
			};
			name = Release;
		};
/* End XCBuildConfiguration section */

/* Begin XCConfigurationList section */
		1D6058960D05DD3E006BFB54 /* Build configuration list for PBXNativeTarget "WoollyMammoth" */ = {
			isa = XCConfigurationList;
			buildConfigurations = (
				1D6058940D05DD3E006BFB54 /* Debug */,
				1D6058950D05DD3E006BFB54 /* Release */,
			);
			defaultConfigurationIsVisible = 0;
			defaultConfigurationName = Release;
		};
		C01FCF4E08A954540054247B /* Build configuration list for PBXProject "WoollyMammoth" */ = {
			isa = XCConfigurationList;
			buildConfigurations = (
				C01FCF4F08A954540054247B /* Debug */,
				C01FCF5008A954540054247B /* Release */,
			);
			defaultConfigurationIsVisible = 0;
			defaultConfigurationName = Release;
		};
/* End XCConfigurationList section */
	};
	rootObject = 29B97313FDCFA39411CA2CEA /* Project object */;
}
